// !$*UTF8*$!
{
	archiveVersion = 1;
	classes = {
	};
	objectVersion = 46;
	objects = {

/* Begin PBXBuildFile section */
		60D265861965A45300B8BD62 /* libiOSHierarchyViewer.a in Frameworks */ = {isa = PBXBuildFile; fileRef = 60D265831965A43500B8BD62 /* libiOSHierarchyViewer.a */; };
		60D2658F1965AC7800B8BD62 /* libfppopover.a in Frameworks */ = {isa = PBXBuildFile; fileRef = 60D2658C1965AC6B00B8BD62 /* libfppopover.a */; };
		929A58AA196523B4007F2327 /* NSDictionary+Extensions.m in Sources */ = {isa = PBXBuildFile; fileRef = 929A58A9196523B4007F2327 /* NSDictionary+Extensions.m */; };
		929A58B11965321E007F2327 /* MXMLDocument.m in Sources */ = {isa = PBXBuildFile; fileRef = 929A58AD1965321E007F2327 /* MXMLDocument.m */; };
		929A58B21965321E007F2327 /* MXMLNode.m in Sources */ = {isa = PBXBuildFile; fileRef = 929A58AF1965321E007F2327 /* MXMLNode.m */; };
		929A58B419653286007F2327 /* libxml2.dylib in Frameworks */ = {isa = PBXBuildFile; fileRef = 929A58B319653286007F2327 /* libxml2.dylib */; };
		929A58CD196536E0007F2327 /* index.html in Resources */ = {isa = PBXBuildFile; fileRef = 929A58C0196536E0007F2327 /* index.html */; };
		929A58CF196536E0007F2327 /* search.html in Resources */ = {isa = PBXBuildFile; fileRef = 929A58C2196536E0007F2327 /* search.html */; };
		929A58D0196540EE007F2327 /* libxml2.dylib in Frameworks */ = {isa = PBXBuildFile; fileRef = 929A58B319653286007F2327 /* libxml2.dylib */; };
		929A58D11965410A007F2327 /* index.html in Resources */ = {isa = PBXBuildFile; fileRef = 929A58C0196536E0007F2327 /* index.html */; };
		929A58D21965410A007F2327 /* search.html in Resources */ = {isa = PBXBuildFile; fileRef = 929A58C2196536E0007F2327 /* search.html */; };
		929A58D319654145007F2327 /* MXMLDocument.m in Sources */ = {isa = PBXBuildFile; fileRef = 929A58AD1965321E007F2327 /* MXMLDocument.m */; };
		929A58D419654145007F2327 /* MXMLNode.m in Sources */ = {isa = PBXBuildFile; fileRef = 929A58AF1965321E007F2327 /* MXMLNode.m */; };
		929A58D519654145007F2327 /* AFHTTPRequestOperation.m in Sources */ = {isa = PBXBuildFile; fileRef = 92E752531964FDC000F831F3 /* AFHTTPRequestOperation.m */; };
		929A58D619654145007F2327 /* AFHTTPRequestOperationManager.m in Sources */ = {isa = PBXBuildFile; fileRef = 92E752551964FDC000F831F3 /* AFHTTPRequestOperationManager.m */; };
		929A58D719654145007F2327 /* AFHTTPSessionManager.m in Sources */ = {isa = PBXBuildFile; fileRef = 92E752571964FDC000F831F3 /* AFHTTPSessionManager.m */; };
		929A58D819654145007F2327 /* AFNetworkReachabilityManager.m in Sources */ = {isa = PBXBuildFile; fileRef = 92E7525A1964FDC000F831F3 /* AFNetworkReachabilityManager.m */; };
		929A58D919654145007F2327 /* AFSecurityPolicy.m in Sources */ = {isa = PBXBuildFile; fileRef = 92E7525C1964FDC000F831F3 /* AFSecurityPolicy.m */; };
		929A58DA19654145007F2327 /* AFURLConnectionOperation.m in Sources */ = {isa = PBXBuildFile; fileRef = 92E7525E1964FDC000F831F3 /* AFURLConnectionOperation.m */; };
		929A58DB19654145007F2327 /* AFURLRequestSerialization.m in Sources */ = {isa = PBXBuildFile; fileRef = 92E752601964FDC000F831F3 /* AFURLRequestSerialization.m */; };
		929A58DC19654145007F2327 /* AFURLResponseSerialization.m in Sources */ = {isa = PBXBuildFile; fileRef = 92E752621964FDC000F831F3 /* AFURLResponseSerialization.m */; };
		929A58DD19654145007F2327 /* AFURLSessionManager.m in Sources */ = {isa = PBXBuildFile; fileRef = 92E752641964FDC000F831F3 /* AFURLSessionManager.m */; };
		929A58DE19654145007F2327 /* NSDictionary+Extensions.m in Sources */ = {isa = PBXBuildFile; fileRef = 929A58A9196523B4007F2327 /* NSDictionary+Extensions.m */; };
		929A58DF19654145007F2327 /* VZKeys.m in Sources */ = {isa = PBXBuildFile; fileRef = 92E752721964FDDB00F831F3 /* VZKeys.m */; };
		929A58E019654145007F2327 /* VZBaseViewController.m in Sources */ = {isa = PBXBuildFile; fileRef = 92E752271964FD8B00F831F3 /* VZBaseViewController.m */; };
		929A58E119654145007F2327 /* VZPreferencesViewController.m in Sources */ = {isa = PBXBuildFile; fileRef = 92E7522C1964FD8B00F831F3 /* VZPreferencesViewController.m */; };
		929A58E219654145007F2327 /* VZRootViewController.m in Sources */ = {isa = PBXBuildFile; fileRef = 92E7522E1964FD8B00F831F3 /* VZRootViewController.m */; };
		929A58E319654145007F2327 /* VZSearchViewController.m in Sources */ = {isa = PBXBuildFile; fileRef = 92E752301964FD8B00F831F3 /* VZSearchViewController.m */; };
		929A58E419654145007F2327 /* VZSongsViewController.m in Sources */ = {isa = PBXBuildFile; fileRef = 92E752321964FD8B00F831F3 /* VZSongsViewController.m */; };
		929A58E519654145007F2327 /* VZURLManager.m in Sources */ = {isa = PBXBuildFile; fileRef = 92E752341964FD8B00F831F3 /* VZURLManager.m */; };
		929A58E619654145007F2327 /* VZDataService.m in Sources */ = {isa = PBXBuildFile; fileRef = 92E752361964FD8B00F831F3 /* VZDataService.m */; };
		929A58E719654145007F2327 /* VZViewService.m in Sources */ = {isa = PBXBuildFile; fileRef = 92E752381964FD8B00F831F3 /* VZViewService.m */; };
		929A58E819654145007F2327 /* VZAppDelegate.m in Sources */ = {isa = PBXBuildFile; fileRef = 92E752001964FD0700F831F3 /* VZAppDelegate.m */; };
		92E751F31964FD0700F831F3 /* Foundation.framework in Frameworks */ = {isa = PBXBuildFile; fileRef = 929CB67D193EC4ED0016820F /* Foundation.framework */; };
		92E751F41964FD0700F831F3 /* CoreGraphics.framework in Frameworks */ = {isa = PBXBuildFile; fileRef = 929CB67F193EC4ED0016820F /* CoreGraphics.framework */; };
		92E751F51964FD0700F831F3 /* UIKit.framework in Frameworks */ = {isa = PBXBuildFile; fileRef = 929CB681193EC4ED0016820F /* UIKit.framework */; };
		92E751FB1964FD0700F831F3 /* InfoPlist.strings in Resources */ = {isa = PBXBuildFile; fileRef = 92E751F91964FD0700F831F3 /* InfoPlist.strings */; };
		92E751FD1964FD0700F831F3 /* main.m in Sources */ = {isa = PBXBuildFile; fileRef = 92E751FC1964FD0700F831F3 /* main.m */; };
		92E752011964FD0700F831F3 /* VZAppDelegate.m in Sources */ = {isa = PBXBuildFile; fileRef = 92E752001964FD0700F831F3 /* VZAppDelegate.m */; };
		92E7520C1964FD0700F831F3 /* Images.xcassets in Resources */ = {isa = PBXBuildFile; fileRef = 92E7520B1964FD0700F831F3 /* Images.xcassets */; };
		92E752121964FD0800F831F3 /* XCTest.framework in Frameworks */ = {isa = PBXBuildFile; fileRef = 929CB69F193EC4EF0016820F /* XCTest.framework */; };
		92E752131964FD0800F831F3 /* Foundation.framework in Frameworks */ = {isa = PBXBuildFile; fileRef = 929CB67D193EC4ED0016820F /* Foundation.framework */; };
		92E752141964FD0800F831F3 /* UIKit.framework in Frameworks */ = {isa = PBXBuildFile; fileRef = 929CB681193EC4ED0016820F /* UIKit.framework */; };
		92E7521C1964FD0800F831F3 /* InfoPlist.strings in Resources */ = {isa = PBXBuildFile; fileRef = 92E7521A1964FD0800F831F3 /* InfoPlist.strings */; };
		92E7521E1964FD0800F831F3 /* iPraiseTests.m in Sources */ = {isa = PBXBuildFile; fileRef = 92E7521D1964FD0800F831F3 /* iPraiseTests.m */; };
		92E752391964FD8B00F831F3 /* VZBaseViewController.m in Sources */ = {isa = PBXBuildFile; fileRef = 92E752271964FD8B00F831F3 /* VZBaseViewController.m */; };
		92E7523B1964FD8B00F831F3 /* VZPreferencesViewController.m in Sources */ = {isa = PBXBuildFile; fileRef = 92E7522C1964FD8B00F831F3 /* VZPreferencesViewController.m */; };
		92E7523C1964FD8B00F831F3 /* VZRootViewController.m in Sources */ = {isa = PBXBuildFile; fileRef = 92E7522E1964FD8B00F831F3 /* VZRootViewController.m */; };
		92E7523D1964FD8B00F831F3 /* VZSearchViewController.m in Sources */ = {isa = PBXBuildFile; fileRef = 92E752301964FD8B00F831F3 /* VZSearchViewController.m */; };
		92E7523E1964FD8B00F831F3 /* VZSongsViewController.m in Sources */ = {isa = PBXBuildFile; fileRef = 92E752321964FD8B00F831F3 /* VZSongsViewController.m */; };
		92E7523F1964FD8B00F831F3 /* VZURLManager.m in Sources */ = {isa = PBXBuildFile; fileRef = 92E752341964FD8B00F831F3 /* VZURLManager.m */; };
		92E752401964FD8B00F831F3 /* VZDataService.m in Sources */ = {isa = PBXBuildFile; fileRef = 92E752361964FD8B00F831F3 /* VZDataService.m */; };
		92E752411964FD8B00F831F3 /* VZViewService.m in Sources */ = {isa = PBXBuildFile; fileRef = 92E752381964FD8B00F831F3 /* VZViewService.m */; };
		92E7524A1964FDB800F831F3 /* VZTabMe.png in Resources */ = {isa = PBXBuildFile; fileRef = 92E752441964FDB800F831F3 /* VZTabMe.png */; };
		92E7524B1964FDB800F831F3 /* VZTabMe@2x.png in Resources */ = {isa = PBXBuildFile; fileRef = 92E752451964FDB800F831F3 /* VZTabMe@2x.png */; };
		92E7524E1964FDB800F831F3 /* VZTabSongs.png in Resources */ = {isa = PBXBuildFile; fileRef = 92E752481964FDB800F831F3 /* VZTabSongs.png */; };
		92E7524F1964FDB800F831F3 /* VZTabSongs@2x.png in Resources */ = {isa = PBXBuildFile; fileRef = 92E752491964FDB800F831F3 /* VZTabSongs@2x.png */; };
		92E752651964FDC000F831F3 /* AFHTTPRequestOperation.m in Sources */ = {isa = PBXBuildFile; fileRef = 92E752531964FDC000F831F3 /* AFHTTPRequestOperation.m */; };
		92E752661964FDC000F831F3 /* AFHTTPRequestOperationManager.m in Sources */ = {isa = PBXBuildFile; fileRef = 92E752551964FDC000F831F3 /* AFHTTPRequestOperationManager.m */; };
		92E752671964FDC000F831F3 /* AFHTTPSessionManager.m in Sources */ = {isa = PBXBuildFile; fileRef = 92E752571964FDC000F831F3 /* AFHTTPSessionManager.m */; };
		92E752681964FDC000F831F3 /* AFNetworkReachabilityManager.m in Sources */ = {isa = PBXBuildFile; fileRef = 92E7525A1964FDC000F831F3 /* AFNetworkReachabilityManager.m */; };
		92E752691964FDC000F831F3 /* AFSecurityPolicy.m in Sources */ = {isa = PBXBuildFile; fileRef = 92E7525C1964FDC000F831F3 /* AFSecurityPolicy.m */; };
		92E7526A1964FDC000F831F3 /* AFURLConnectionOperation.m in Sources */ = {isa = PBXBuildFile; fileRef = 92E7525E1964FDC000F831F3 /* AFURLConnectionOperation.m */; };
		92E7526B1964FDC000F831F3 /* AFURLRequestSerialization.m in Sources */ = {isa = PBXBuildFile; fileRef = 92E752601964FDC000F831F3 /* AFURLRequestSerialization.m */; };
		92E7526C1964FDC000F831F3 /* AFURLResponseSerialization.m in Sources */ = {isa = PBXBuildFile; fileRef = 92E752621964FDC000F831F3 /* AFURLResponseSerialization.m */; };
		92E7526D1964FDC000F831F3 /* AFURLSessionManager.m in Sources */ = {isa = PBXBuildFile; fileRef = 92E752641964FDC000F831F3 /* AFURLSessionManager.m */; };
		92E752731964FDDB00F831F3 /* VZKeys.m in Sources */ = {isa = PBXBuildFile; fileRef = 92E752721964FDDB00F831F3 /* VZKeys.m */; };
/* End PBXBuildFile section */

/* Begin PBXContainerItemProxy section */
		60D265821965A43500B8BD62 /* PBXContainerItemProxy */ = {
			isa = PBXContainerItemProxy;
			containerPortal = 60D2657E1965A43500B8BD62 /* iOSHierarchyViewer.xcodeproj */;
			proxyType = 2;
			remoteGlobalIDString = 7C861E34153DF2E000935C95;
			remoteInfo = iOSHierarchyViewer;
		};
		60D265841965A44C00B8BD62 /* PBXContainerItemProxy */ = {
			isa = PBXContainerItemProxy;
			containerPortal = 60D2657E1965A43500B8BD62 /* iOSHierarchyViewer.xcodeproj */;
			proxyType = 1;
			remoteGlobalIDString = 7C861E33153DF2E000935C95;
			remoteInfo = iOSHierarchyViewer;
		};
		60D2658B1965AC6B00B8BD62 /* PBXContainerItemProxy */ = {
			isa = PBXContainerItemProxy;
			containerPortal = 60D265871965AC6B00B8BD62 /* FPPopoverDemo.xcodeproj */;
			proxyType = 2;
			remoteGlobalIDString = 18D8FA30155050F0005E2222;
			remoteInfo = fppopover;
		};
		60D2658D1965AC7200B8BD62 /* PBXContainerItemProxy */ = {
			isa = PBXContainerItemProxy;
			containerPortal = 60D265871965AC6B00B8BD62 /* FPPopoverDemo.xcodeproj */;
			proxyType = 1;
			remoteGlobalIDString = 18D8FA2F155050F0005E2222;
			remoteInfo = fppopover;
		};
		92E752151964FD0800F831F3 /* PBXContainerItemProxy */ = {
			isa = PBXContainerItemProxy;
			containerPortal = 929CB672193EC4ED0016820F /* Project object */;
			proxyType = 1;
			remoteGlobalIDString = 92E751F11964FD0700F831F3;
			remoteInfo = iPraise;
		};
/* End PBXContainerItemProxy section */

/* Begin PBXFileReference section */
		60D2657E1965A43500B8BD62 /* iOSHierarchyViewer.xcodeproj */ = {isa = PBXFileReference; lastKnownFileType = "wrapper.pb-project"; name = iOSHierarchyViewer.xcodeproj; path = "iOS-Hierarchy-Viewer/iOSHierarchyViewer.xcodeproj"; sourceTree = "<group>"; };
		60D265871965AC6B00B8BD62 /* FPPopoverDemo.xcodeproj */ = {isa = PBXFileReference; lastKnownFileType = "wrapper.pb-project"; name = FPPopoverDemo.xcodeproj; path = Popover/FPPopoverDemo.xcodeproj; sourceTree = "<group>"; };
		929A58A8196523B4007F2327 /* NSDictionary+Extensions.h */ = {isa = PBXFileReference; fileEncoding = 4; lastKnownFileType = sourcecode.c.h; path = "NSDictionary+Extensions.h"; sourceTree = "<group>"; };
		929A58A9196523B4007F2327 /* NSDictionary+Extensions.m */ = {isa = PBXFileReference; fileEncoding = 4; lastKnownFileType = sourcecode.c.objc; path = "NSDictionary+Extensions.m"; sourceTree = "<group>"; };
		929A58AC1965321E007F2327 /* MXMLDocument.h */ = {isa = PBXFileReference; fileEncoding = 4; lastKnownFileType = sourcecode.c.h; path = MXMLDocument.h; sourceTree = "<group>"; };
		929A58AD1965321E007F2327 /* MXMLDocument.m */ = {isa = PBXFileReference; fileEncoding = 4; lastKnownFileType = sourcecode.c.objc; path = MXMLDocument.m; sourceTree = "<group>"; };
		929A58AE1965321E007F2327 /* MXMLNode.h */ = {isa = PBXFileReference; fileEncoding = 4; lastKnownFileType = sourcecode.c.h; path = MXMLNode.h; sourceTree = "<group>"; };
		929A58AF1965321E007F2327 /* MXMLNode.m */ = {isa = PBXFileReference; fileEncoding = 4; lastKnownFileType = sourcecode.c.objc; path = MXMLNode.m; sourceTree = "<group>"; };
		929A58B01965321E007F2327 /* MXMLNodePrivate.h */ = {isa = PBXFileReference; fileEncoding = 4; lastKnownFileType = sourcecode.c.h; path = MXMLNodePrivate.h; sourceTree = "<group>"; };
		929A58B319653286007F2327 /* libxml2.dylib */ = {isa = PBXFileReference; lastKnownFileType = "compiled.mach-o.dylib"; name = libxml2.dylib; path = usr/lib/libxml2.dylib; sourceTree = SDKROOT; };
		929A58B6196536E0007F2327 /* browse.js */ = {isa = PBXFileReference; fileEncoding = 4; lastKnownFileType = sourcecode.javascript; path = browse.js; sourceTree = "<group>"; };
		929A58B7196536E0007F2327 /* browse10.js */ = {isa = PBXFileReference; fileEncoding = 4; lastKnownFileType = sourcecode.javascript; path = browse10.js; sourceTree = "<group>"; };
		929A58B8196536E0007F2327 /* browse2.js */ = {isa = PBXFileReference; fileEncoding = 4; lastKnownFileType = sourcecode.javascript; path = browse2.js; sourceTree = "<group>"; };
		929A58B9196536E0007F2327 /* browse3.js */ = {isa = PBXFileReference; fileEncoding = 4; lastKnownFileType = sourcecode.javascript; path = browse3.js; sourceTree = "<group>"; };
		929A58BA196536E0007F2327 /* browse4.js */ = {isa = PBXFileReference; fileEncoding = 4; lastKnownFileType = sourcecode.javascript; path = browse4.js; sourceTree = "<group>"; };
		929A58BB196536E0007F2327 /* browse5.js */ = {isa = PBXFileReference; fileEncoding = 4; lastKnownFileType = sourcecode.javascript; path = browse5.js; sourceTree = "<group>"; };
		929A58BC196536E0007F2327 /* browse6.js */ = {isa = PBXFileReference; fileEncoding = 4; lastKnownFileType = sourcecode.javascript; path = browse6.js; sourceTree = "<group>"; };
		929A58BD196536E0007F2327 /* browse7.js */ = {isa = PBXFileReference; fileEncoding = 4; lastKnownFileType = sourcecode.javascript; path = browse7.js; sourceTree = "<group>"; };
		929A58BE196536E0007F2327 /* browse8.js */ = {isa = PBXFileReference; fileEncoding = 4; lastKnownFileType = sourcecode.javascript; path = browse8.js; sourceTree = "<group>"; };
		929A58BF196536E0007F2327 /* browse9.js */ = {isa = PBXFileReference; fileEncoding = 4; lastKnownFileType = sourcecode.javascript; path = browse9.js; sourceTree = "<group>"; };
		929A58C0196536E0007F2327 /* index.html */ = {isa = PBXFileReference; fileEncoding = 4; lastKnownFileType = text.html; path = index.html; sourceTree = "<group>"; };
		929A58C1196536E0007F2327 /* main.js */ = {isa = PBXFileReference; fileEncoding = 4; lastKnownFileType = sourcecode.javascript; path = main.js; sourceTree = "<group>"; };
		929A58C2196536E0007F2327 /* search.html */ = {isa = PBXFileReference; fileEncoding = 4; lastKnownFileType = text.html; path = search.html; sourceTree = "<group>"; };
		929CB67D193EC4ED0016820F /* Foundation.framework */ = {isa = PBXFileReference; lastKnownFileType = wrapper.framework; name = Foundation.framework; path = System/Library/Frameworks/Foundation.framework; sourceTree = SDKROOT; };
		929CB67F193EC4ED0016820F /* CoreGraphics.framework */ = {isa = PBXFileReference; lastKnownFileType = wrapper.framework; name = CoreGraphics.framework; path = System/Library/Frameworks/CoreGraphics.framework; sourceTree = SDKROOT; };
		929CB681193EC4ED0016820F /* UIKit.framework */ = {isa = PBXFileReference; lastKnownFileType = wrapper.framework; name = UIKit.framework; path = System/Library/Frameworks/UIKit.framework; sourceTree = SDKROOT; };
		929CB69F193EC4EF0016820F /* XCTest.framework */ = {isa = PBXFileReference; lastKnownFileType = wrapper.framework; name = XCTest.framework; path = Library/Frameworks/XCTest.framework; sourceTree = DEVELOPER_DIR; };
		92E751F21964FD0700F831F3 /* iPraise.app */ = {isa = PBXFileReference; explicitFileType = wrapper.application; includeInIndex = 0; path = iPraise.app; sourceTree = BUILT_PRODUCTS_DIR; };
		92E751F81964FD0700F831F3 /* iPraise-Info.plist */ = {isa = PBXFileReference; lastKnownFileType = text.plist.xml; path = "iPraise-Info.plist"; sourceTree = "<group>"; };
		92E751FA1964FD0700F831F3 /* en */ = {isa = PBXFileReference; lastKnownFileType = text.plist.strings; name = en; path = en.lproj/InfoPlist.strings; sourceTree = "<group>"; };
		92E751FC1964FD0700F831F3 /* main.m */ = {isa = PBXFileReference; lastKnownFileType = sourcecode.c.objc; path = main.m; sourceTree = "<group>"; };
		92E751FE1964FD0700F831F3 /* iPraise-Prefix.pch */ = {isa = PBXFileReference; lastKnownFileType = sourcecode.c.h; path = "iPraise-Prefix.pch"; sourceTree = "<group>"; };
		92E751FF1964FD0700F831F3 /* VZAppDelegate.h */ = {isa = PBXFileReference; lastKnownFileType = sourcecode.c.h; path = VZAppDelegate.h; sourceTree = "<group>"; };
		92E752001964FD0700F831F3 /* VZAppDelegate.m */ = {isa = PBXFileReference; lastKnownFileType = sourcecode.c.objc; path = VZAppDelegate.m; sourceTree = "<group>"; };
		92E7520B1964FD0700F831F3 /* Images.xcassets */ = {isa = PBXFileReference; lastKnownFileType = folder.assetcatalog; path = Images.xcassets; sourceTree = "<group>"; };
		92E752111964FD0700F831F3 /* iPraiseTests.xctest */ = {isa = PBXFileReference; explicitFileType = wrapper.cfbundle; includeInIndex = 0; path = iPraiseTests.xctest; sourceTree = BUILT_PRODUCTS_DIR; };
		92E752191964FD0800F831F3 /* iPraiseTests-Info.plist */ = {isa = PBXFileReference; lastKnownFileType = text.plist.xml; path = "iPraiseTests-Info.plist"; sourceTree = "<group>"; };
		92E7521B1964FD0800F831F3 /* en */ = {isa = PBXFileReference; lastKnownFileType = text.plist.strings; name = en; path = en.lproj/InfoPlist.strings; sourceTree = "<group>"; };
		92E7521D1964FD0800F831F3 /* iPraiseTests.m */ = {isa = PBXFileReference; lastKnownFileType = sourcecode.c.objc; path = iPraiseTests.m; sourceTree = "<group>"; };
		92E752261964FD8B00F831F3 /* VZBaseViewController.h */ = {isa = PBXFileReference; fileEncoding = 4; lastKnownFileType = sourcecode.c.h; path = VZBaseViewController.h; sourceTree = "<group>"; };
		92E752271964FD8B00F831F3 /* VZBaseViewController.m */ = {isa = PBXFileReference; fileEncoding = 4; lastKnownFileType = sourcecode.c.objc; path = VZBaseViewController.m; sourceTree = "<group>"; };
		92E7522B1964FD8B00F831F3 /* VZPreferencesViewController.h */ = {isa = PBXFileReference; fileEncoding = 4; lastKnownFileType = sourcecode.c.h; path = VZPreferencesViewController.h; sourceTree = "<group>"; };
		92E7522C1964FD8B00F831F3 /* VZPreferencesViewController.m */ = {isa = PBXFileReference; fileEncoding = 4; lastKnownFileType = sourcecode.c.objc; path = VZPreferencesViewController.m; sourceTree = "<group>"; };
		92E7522D1964FD8B00F831F3 /* VZRootViewController.h */ = {isa = PBXFileReference; fileEncoding = 4; lastKnownFileType = sourcecode.c.h; path = VZRootViewController.h; sourceTree = "<group>"; };
		92E7522E1964FD8B00F831F3 /* VZRootViewController.m */ = {isa = PBXFileReference; fileEncoding = 4; lastKnownFileType = sourcecode.c.objc; path = VZRootViewController.m; sourceTree = "<group>"; };
		92E7522F1964FD8B00F831F3 /* VZSearchViewController.h */ = {isa = PBXFileReference; fileEncoding = 4; lastKnownFileType = sourcecode.c.h; path = VZSearchViewController.h; sourceTree = "<group>"; };
		92E752301964FD8B00F831F3 /* VZSearchViewController.m */ = {isa = PBXFileReference; fileEncoding = 4; lastKnownFileType = sourcecode.c.objc; path = VZSearchViewController.m; sourceTree = "<group>"; };
		92E752311964FD8B00F831F3 /* VZSongsViewController.h */ = {isa = PBXFileReference; fileEncoding = 4; lastKnownFileType = sourcecode.c.h; path = VZSongsViewController.h; sourceTree = "<group>"; };
		92E752321964FD8B00F831F3 /* VZSongsViewController.m */ = {isa = PBXFileReference; fileEncoding = 4; lastKnownFileType = sourcecode.c.objc; path = VZSongsViewController.m; sourceTree = "<group>"; };
		92E752331964FD8B00F831F3 /* VZURLManager.h */ = {isa = PBXFileReference; fileEncoding = 4; lastKnownFileType = sourcecode.c.h; path = VZURLManager.h; sourceTree = "<group>"; };
		92E752341964FD8B00F831F3 /* VZURLManager.m */ = {isa = PBXFileReference; fileEncoding = 4; lastKnownFileType = sourcecode.c.objc; path = VZURLManager.m; sourceTree = "<group>"; };
		92E752351964FD8B00F831F3 /* VZDataService.h */ = {isa = PBXFileReference; fileEncoding = 4; lastKnownFileType = sourcecode.c.h; path = VZDataService.h; sourceTree = "<group>"; };
		92E752361964FD8B00F831F3 /* VZDataService.m */ = {isa = PBXFileReference; fileEncoding = 4; lastKnownFileType = sourcecode.c.objc; path = VZDataService.m; sourceTree = "<group>"; };
		92E752371964FD8B00F831F3 /* VZViewService.h */ = {isa = PBXFileReference; fileEncoding = 4; lastKnownFileType = sourcecode.c.h; path = VZViewService.h; sourceTree = "<group>"; };
		92E752381964FD8B00F831F3 /* VZViewService.m */ = {isa = PBXFileReference; fileEncoding = 4; lastKnownFileType = sourcecode.c.objc; path = VZViewService.m; sourceTree = "<group>"; };
		92E752441964FDB800F831F3 /* VZTabMe.png */ = {isa = PBXFileReference; lastKnownFileType = image.png; path = VZTabMe.png; sourceTree = "<group>"; };
		92E752451964FDB800F831F3 /* VZTabMe@2x.png */ = {isa = PBXFileReference; lastKnownFileType = image.png; path = "VZTabMe@2x.png"; sourceTree = "<group>"; };
		92E752481964FDB800F831F3 /* VZTabSongs.png */ = {isa = PBXFileReference; lastKnownFileType = image.png; path = VZTabSongs.png; sourceTree = "<group>"; };
		92E752491964FDB800F831F3 /* VZTabSongs@2x.png */ = {isa = PBXFileReference; lastKnownFileType = image.png; path = "VZTabSongs@2x.png"; sourceTree = "<group>"; };
		92E752521964FDC000F831F3 /* AFHTTPRequestOperation.h */ = {isa = PBXFileReference; fileEncoding = 4; lastKnownFileType = sourcecode.c.h; path = AFHTTPRequestOperation.h; sourceTree = "<group>"; };
		92E752531964FDC000F831F3 /* AFHTTPRequestOperation.m */ = {isa = PBXFileReference; fileEncoding = 4; lastKnownFileType = sourcecode.c.objc; path = AFHTTPRequestOperation.m; sourceTree = "<group>"; };
		92E752541964FDC000F831F3 /* AFHTTPRequestOperationManager.h */ = {isa = PBXFileReference; fileEncoding = 4; lastKnownFileType = sourcecode.c.h; path = AFHTTPRequestOperationManager.h; sourceTree = "<group>"; };
		92E752551964FDC000F831F3 /* AFHTTPRequestOperationManager.m */ = {isa = PBXFileReference; fileEncoding = 4; lastKnownFileType = sourcecode.c.objc; path = AFHTTPRequestOperationManager.m; sourceTree = "<group>"; };
		92E752561964FDC000F831F3 /* AFHTTPSessionManager.h */ = {isa = PBXFileReference; fileEncoding = 4; lastKnownFileType = sourcecode.c.h; path = AFHTTPSessionManager.h; sourceTree = "<group>"; };
		92E752571964FDC000F831F3 /* AFHTTPSessionManager.m */ = {isa = PBXFileReference; fileEncoding = 4; lastKnownFileType = sourcecode.c.objc; path = AFHTTPSessionManager.m; sourceTree = "<group>"; };
		92E752581964FDC000F831F3 /* AFNetworking.h */ = {isa = PBXFileReference; fileEncoding = 4; lastKnownFileType = sourcecode.c.h; path = AFNetworking.h; sourceTree = "<group>"; };
		92E752591964FDC000F831F3 /* AFNetworkReachabilityManager.h */ = {isa = PBXFileReference; fileEncoding = 4; lastKnownFileType = sourcecode.c.h; path = AFNetworkReachabilityManager.h; sourceTree = "<group>"; };
		92E7525A1964FDC000F831F3 /* AFNetworkReachabilityManager.m */ = {isa = PBXFileReference; fileEncoding = 4; lastKnownFileType = sourcecode.c.objc; path = AFNetworkReachabilityManager.m; sourceTree = "<group>"; };
		92E7525B1964FDC000F831F3 /* AFSecurityPolicy.h */ = {isa = PBXFileReference; fileEncoding = 4; lastKnownFileType = sourcecode.c.h; path = AFSecurityPolicy.h; sourceTree = "<group>"; };
		92E7525C1964FDC000F831F3 /* AFSecurityPolicy.m */ = {isa = PBXFileReference; fileEncoding = 4; lastKnownFileType = sourcecode.c.objc; path = AFSecurityPolicy.m; sourceTree = "<group>"; };
		92E7525D1964FDC000F831F3 /* AFURLConnectionOperation.h */ = {isa = PBXFileReference; fileEncoding = 4; lastKnownFileType = sourcecode.c.h; path = AFURLConnectionOperation.h; sourceTree = "<group>"; };
		92E7525E1964FDC000F831F3 /* AFURLConnectionOperation.m */ = {isa = PBXFileReference; fileEncoding = 4; lastKnownFileType = sourcecode.c.objc; path = AFURLConnectionOperation.m; sourceTree = "<group>"; };
		92E7525F1964FDC000F831F3 /* AFURLRequestSerialization.h */ = {isa = PBXFileReference; fileEncoding = 4; lastKnownFileType = sourcecode.c.h; path = AFURLRequestSerialization.h; sourceTree = "<group>"; };
		92E752601964FDC000F831F3 /* AFURLRequestSerialization.m */ = {isa = PBXFileReference; fileEncoding = 4; lastKnownFileType = sourcecode.c.objc; path = AFURLRequestSerialization.m; sourceTree = "<group>"; };
		92E752611964FDC000F831F3 /* AFURLResponseSerialization.h */ = {isa = PBXFileReference; fileEncoding = 4; lastKnownFileType = sourcecode.c.h; path = AFURLResponseSerialization.h; sourceTree = "<group>"; };
		92E752621964FDC000F831F3 /* AFURLResponseSerialization.m */ = {isa = PBXFileReference; fileEncoding = 4; lastKnownFileType = sourcecode.c.objc; path = AFURLResponseSerialization.m; sourceTree = "<group>"; };
		92E752631964FDC000F831F3 /* AFURLSessionManager.h */ = {isa = PBXFileReference; fileEncoding = 4; lastKnownFileType = sourcecode.c.h; path = AFURLSessionManager.h; sourceTree = "<group>"; };
		92E752641964FDC000F831F3 /* AFURLSessionManager.m */ = {isa = PBXFileReference; fileEncoding = 4; lastKnownFileType = sourcecode.c.objc; path = AFURLSessionManager.m; sourceTree = "<group>"; };
		92E7526F1964FDDB00F831F3 /* VZBase.h */ = {isa = PBXFileReference; fileEncoding = 4; lastKnownFileType = sourcecode.c.h; path = VZBase.h; sourceTree = "<group>"; };
		92E752701964FDDB00F831F3 /* VZHeaders.h */ = {isa = PBXFileReference; fileEncoding = 4; lastKnownFileType = sourcecode.c.h; path = VZHeaders.h; sourceTree = "<group>"; };
		92E752711964FDDB00F831F3 /* VZKeys.h */ = {isa = PBXFileReference; fileEncoding = 4; lastKnownFileType = sourcecode.c.h; path = VZKeys.h; sourceTree = "<group>"; };
		92E752721964FDDB00F831F3 /* VZKeys.m */ = {isa = PBXFileReference; fileEncoding = 4; lastKnownFileType = sourcecode.c.objc; path = VZKeys.m; sourceTree = "<group>"; };
/* End PBXFileReference section */

/* Begin PBXFrameworksBuildPhase section */
		92E751EF1964FD0700F831F3 /* Frameworks */ = {
			isa = PBXFrameworksBuildPhase;
			buildActionMask = 2147483647;
			files = (
				60D2658F1965AC7800B8BD62 /* libfppopover.a in Frameworks */,
				60D265861965A45300B8BD62 /* libiOSHierarchyViewer.a in Frameworks */,
				929A58B419653286007F2327 /* libxml2.dylib in Frameworks */,
				92E751F41964FD0700F831F3 /* CoreGraphics.framework in Frameworks */,
				92E751F51964FD0700F831F3 /* UIKit.framework in Frameworks */,
				92E751F31964FD0700F831F3 /* Foundation.framework in Frameworks */,
			);
			runOnlyForDeploymentPostprocessing = 0;
		};
		92E7520E1964FD0700F831F3 /* Frameworks */ = {
			isa = PBXFrameworksBuildPhase;
			buildActionMask = 2147483647;
			files = (
				929A58D0196540EE007F2327 /* libxml2.dylib in Frameworks */,
				92E752121964FD0800F831F3 /* XCTest.framework in Frameworks */,
				92E752141964FD0800F831F3 /* UIKit.framework in Frameworks */,
				92E752131964FD0800F831F3 /* Foundation.framework in Frameworks */,
			);
			runOnlyForDeploymentPostprocessing = 0;
		};
/* End PBXFrameworksBuildPhase section */

/* Begin PBXGroup section */
		60D2657F1965A43500B8BD62 /* Products */ = {
			isa = PBXGroup;
			children = (
				60D265831965A43500B8BD62 /* libiOSHierarchyViewer.a */,
			);
			name = Products;
			sourceTree = "<group>";
		};
		60D265881965AC6B00B8BD62 /* Products */ = {
			isa = PBXGroup;
			children = (
				60D2658C1965AC6B00B8BD62 /* libfppopover.a */,
			);
			name = Products;
			sourceTree = "<group>";
		};
		929A58AB1965321E007F2327 /* XML */ = {
			isa = PBXGroup;
			children = (
				929A58AC1965321E007F2327 /* MXMLDocument.h */,
				929A58AD1965321E007F2327 /* MXMLDocument.m */,
				929A58AE1965321E007F2327 /* MXMLNode.h */,
				929A58AF1965321E007F2327 /* MXMLNode.m */,
				929A58B01965321E007F2327 /* MXMLNodePrivate.h */,
			);
			path = XML;
			sourceTree = "<group>";
		};
		929A58B5196536E0007F2327 /* Web */ = {
			isa = PBXGroup;
			children = (
				929A58B6196536E0007F2327 /* browse.js */,
				929A58B7196536E0007F2327 /* browse10.js */,
				929A58B8196536E0007F2327 /* browse2.js */,
				929A58B9196536E0007F2327 /* browse3.js */,
				929A58BA196536E0007F2327 /* browse4.js */,
				929A58BB196536E0007F2327 /* browse5.js */,
				929A58BC196536E0007F2327 /* browse6.js */,
				929A58BD196536E0007F2327 /* browse7.js */,
				929A58BE196536E0007F2327 /* browse8.js */,
				929A58BF196536E0007F2327 /* browse9.js */,
				929A58C0196536E0007F2327 /* index.html */,
				929A58C1196536E0007F2327 /* main.js */,
				929A58C2196536E0007F2327 /* search.html */,
			);
			path = Web;
			sourceTree = "<group>";
		};
		929CB671193EC4ED0016820F = {
			isa = PBXGroup;
			children = (
				92E751F61964FD0700F831F3 /* iPraise */,
				92E752171964FD0800F831F3 /* iPraiseTests */,
				929CB67C193EC4ED0016820F /* Frameworks */,
				929CB67B193EC4ED0016820F /* Products */,
			);
			sourceTree = "<group>";
		};
		929CB67B193EC4ED0016820F /* Products */ = {
			isa = PBXGroup;
			children = (
				92E751F21964FD0700F831F3 /* iPraise.app */,
				92E752111964FD0700F831F3 /* iPraiseTests.xctest */,
			);
			name = Products;
			sourceTree = "<group>";
		};
		929CB67C193EC4ED0016820F /* Frameworks */ = {
			isa = PBXGroup;
			children = (
				929A58B319653286007F2327 /* libxml2.dylib */,
				929CB67D193EC4ED0016820F /* Foundation.framework */,
				929CB67F193EC4ED0016820F /* CoreGraphics.framework */,
				929CB681193EC4ED0016820F /* UIKit.framework */,
				929CB69F193EC4EF0016820F /* XCTest.framework */,
			);
			name = Frameworks;
			sourceTree = "<group>";
		};
		92E751F61964FD0700F831F3 /* iPraise */ = {
			isa = PBXGroup;
			children = (
				92E752501964FDC000F831F3 /* Library */,
				92E7526E1964FDDB00F831F3 /* Global */,
				92E752261964FD8B00F831F3 /* VZBaseViewController.h */,
				92E752271964FD8B00F831F3 /* VZBaseViewController.m */,
				92E7522B1964FD8B00F831F3 /* VZPreferencesViewController.h */,
				92E7522C1964FD8B00F831F3 /* VZPreferencesViewController.m */,
				92E7522D1964FD8B00F831F3 /* VZRootViewController.h */,
				92E7522E1964FD8B00F831F3 /* VZRootViewController.m */,
				92E7522F1964FD8B00F831F3 /* VZSearchViewController.h */,
				92E752301964FD8B00F831F3 /* VZSearchViewController.m */,
				92E752311964FD8B00F831F3 /* VZSongsViewController.h */,
				92E752321964FD8B00F831F3 /* VZSongsViewController.m */,
				92E752331964FD8B00F831F3 /* VZURLManager.h */,
				92E752341964FD8B00F831F3 /* VZURLManager.m */,
				92E752351964FD8B00F831F3 /* VZDataService.h */,
				92E752361964FD8B00F831F3 /* VZDataService.m */,
				92E752371964FD8B00F831F3 /* VZViewService.h */,
				92E752381964FD8B00F831F3 /* VZViewService.m */,
				92E751FF1964FD0700F831F3 /* VZAppDelegate.h */,
				92E752001964FD0700F831F3 /* VZAppDelegate.m */,
				92E752421964FD9B00F831F3 /* Resources */,
				92E751F71964FD0700F831F3 /* Supporting Files */,
			);
			path = iPraise;
			sourceTree = "<group>";
		};
		92E751F71964FD0700F831F3 /* Supporting Files */ = {
			isa = PBXGroup;
			children = (
				92E751F81964FD0700F831F3 /* iPraise-Info.plist */,
				92E751F91964FD0700F831F3 /* InfoPlist.strings */,
				92E751FC1964FD0700F831F3 /* main.m */,
				92E751FE1964FD0700F831F3 /* iPraise-Prefix.pch */,
			);
			name = "Supporting Files";
			sourceTree = "<group>";
		};
		92E752171964FD0800F831F3 /* iPraiseTests */ = {
			isa = PBXGroup;
			children = (
				92E7521D1964FD0800F831F3 /* iPraiseTests.m */,
				92E752181964FD0800F831F3 /* Supporting Files */,
			);
			path = iPraiseTests;
			sourceTree = "<group>";
		};
		92E752181964FD0800F831F3 /* Supporting Files */ = {
			isa = PBXGroup;
			children = (
				92E752191964FD0800F831F3 /* iPraiseTests-Info.plist */,
				92E7521A1964FD0800F831F3 /* InfoPlist.strings */,
			);
			name = "Supporting Files";
			sourceTree = "<group>";
		};
		92E752421964FD9B00F831F3 /* Resources */ = {
			isa = PBXGroup;
			children = (
				92E752431964FDB800F831F3 /* Resources */,
				92E7520B1964FD0700F831F3 /* Images.xcassets */,
			);
			name = Resources;
			sourceTree = "<group>";
		};
		92E752431964FDB800F831F3 /* Resources */ = {
			isa = PBXGroup;
			children = (
				929A58B5196536E0007F2327 /* Web */,
				92E752441964FDB800F831F3 /* VZTabMe.png */,
				92E752451964FDB800F831F3 /* VZTabMe@2x.png */,
				92E752481964FDB800F831F3 /* VZTabSongs.png */,
				92E752491964FDB800F831F3 /* VZTabSongs@2x.png */,
			);
			path = Resources;
			sourceTree = "<group>";
		};
		92E752501964FDC000F831F3 /* Library */ = {
			isa = PBXGroup;
			children = (
				60D265871965AC6B00B8BD62 /* FPPopoverDemo.xcodeproj */,
				60D2657E1965A43500B8BD62 /* iOSHierarchyViewer.xcodeproj */,
				929A58AB1965321E007F2327 /* XML */,
				92E752511964FDC000F831F3 /* AFNetworking */,
				929A58A8196523B4007F2327 /* NSDictionary+Extensions.h */,
				929A58A9196523B4007F2327 /* NSDictionary+Extensions.m */,
			);
			path = Library;
			sourceTree = "<group>";
		};
		92E752511964FDC000F831F3 /* AFNetworking */ = {
			isa = PBXGroup;
			children = (
				92E752521964FDC000F831F3 /* AFHTTPRequestOperation.h */,
				92E752531964FDC000F831F3 /* AFHTTPRequestOperation.m */,
				92E752541964FDC000F831F3 /* AFHTTPRequestOperationManager.h */,
				92E752551964FDC000F831F3 /* AFHTTPRequestOperationManager.m */,
				92E752561964FDC000F831F3 /* AFHTTPSessionManager.h */,
				92E752571964FDC000F831F3 /* AFHTTPSessionManager.m */,
				92E752581964FDC000F831F3 /* AFNetworking.h */,
				92E752591964FDC000F831F3 /* AFNetworkReachabilityManager.h */,
				92E7525A1964FDC000F831F3 /* AFNetworkReachabilityManager.m */,
				92E7525B1964FDC000F831F3 /* AFSecurityPolicy.h */,
				92E7525C1964FDC000F831F3 /* AFSecurityPolicy.m */,
				92E7525D1964FDC000F831F3 /* AFURLConnectionOperation.h */,
				92E7525E1964FDC000F831F3 /* AFURLConnectionOperation.m */,
				92E7525F1964FDC000F831F3 /* AFURLRequestSerialization.h */,
				92E752601964FDC000F831F3 /* AFURLRequestSerialization.m */,
				92E752611964FDC000F831F3 /* AFURLResponseSerialization.h */,
				92E752621964FDC000F831F3 /* AFURLResponseSerialization.m */,
				92E752631964FDC000F831F3 /* AFURLSessionManager.h */,
				92E752641964FDC000F831F3 /* AFURLSessionManager.m */,
			);
			path = AFNetworking;
			sourceTree = "<group>";
		};
		92E7526E1964FDDB00F831F3 /* Global */ = {
			isa = PBXGroup;
			children = (
				92E7526F1964FDDB00F831F3 /* VZBase.h */,
				92E752701964FDDB00F831F3 /* VZHeaders.h */,
				92E752711964FDDB00F831F3 /* VZKeys.h */,
				92E752721964FDDB00F831F3 /* VZKeys.m */,
			);
			path = Global;
			sourceTree = "<group>";
		};
/* End PBXGroup section */

/* Begin PBXNativeTarget section */
		92E751F11964FD0700F831F3 /* iPraise */ = {
			isa = PBXNativeTarget;
			buildConfigurationList = 92E752231964FD0900F831F3 /* Build configuration list for PBXNativeTarget "iPraise" */;
			buildPhases = (
				92E751EE1964FD0700F831F3 /* Sources */,
				92E751EF1964FD0700F831F3 /* Frameworks */,
				92E751F01964FD0700F831F3 /* Resources */,
			);
			buildRules = (
			);
			dependencies = (
				60D2658E1965AC7200B8BD62 /* PBXTargetDependency */,
				60D265851965A44C00B8BD62 /* PBXTargetDependency */,
			);
			name = iPraise;
			productName = iPraise;
			productReference = 92E751F21964FD0700F831F3 /* iPraise.app */;
			productType = "com.apple.product-type.application";
		};
		92E752101964FD0700F831F3 /* iPraiseTests */ = {
			isa = PBXNativeTarget;
			buildConfigurationList = 92E752241964FD0900F831F3 /* Build configuration list for PBXNativeTarget "iPraiseTests" */;
			buildPhases = (
				92E7520D1964FD0700F831F3 /* Sources */,
				92E7520E1964FD0700F831F3 /* Frameworks */,
				92E7520F1964FD0700F831F3 /* Resources */,
			);
			buildRules = (
			);
			dependencies = (
				92E752161964FD0800F831F3 /* PBXTargetDependency */,
			);
			name = iPraiseTests;
			productName = iPraiseTests;
			productReference = 92E752111964FD0700F831F3 /* iPraiseTests.xctest */;
			productType = "com.apple.product-type.bundle.unit-test";
		};
/* End PBXNativeTarget section */

/* Begin PBXProject section */
		929CB672193EC4ED0016820F /* Project object */ = {
			isa = PBXProject;
			attributes = {
				CLASSPREFIX = VZ;
				LastUpgradeCheck = 0510;
				ORGANIZATIONNAME = Mac003;
				TargetAttributes = {
					92E752101964FD0700F831F3 = {
						TestTargetID = 929CB679193EC4ED0016820F;
					};
				};
			};
			buildConfigurationList = 929CB675193EC4ED0016820F /* Build configuration list for PBXProject "Zanmeishi" */;
			compatibilityVersion = "Xcode 3.2";
			developmentRegion = English;
			hasScannedForEncodings = 0;
			knownRegions = (
				en,
				Base,
			);
			mainGroup = 929CB671193EC4ED0016820F;
			productRefGroup = 929CB67B193EC4ED0016820F /* Products */;
			projectDirPath = "";
			projectReferences = (
				{
					ProductGroup = 60D265881965AC6B00B8BD62 /* Products */;
					ProjectRef = 60D265871965AC6B00B8BD62 /* FPPopoverDemo.xcodeproj */;
				},
				{
					ProductGroup = 60D2657F1965A43500B8BD62 /* Products */;
					ProjectRef = 60D2657E1965A43500B8BD62 /* iOSHierarchyViewer.xcodeproj */;
				},
			);
			projectRoot = "";
			targets = (
				92E751F11964FD0700F831F3 /* iPraise */,
				92E752101964FD0700F831F3 /* iPraiseTests */,
			);
		};
/* End PBXProject section */

/* Begin PBXReferenceProxy section */
		60D265831965A43500B8BD62 /* libiOSHierarchyViewer.a */ = {
			isa = PBXReferenceProxy;
			fileType = archive.ar;
			path = libiOSHierarchyViewer.a;
			remoteRef = 60D265821965A43500B8BD62 /* PBXContainerItemProxy */;
			sourceTree = BUILT_PRODUCTS_DIR;
		};
		60D2658C1965AC6B00B8BD62 /* libfppopover.a */ = {
			isa = PBXReferenceProxy;
			fileType = archive.ar;
			path = libfppopover.a;
			remoteRef = 60D2658B1965AC6B00B8BD62 /* PBXContainerItemProxy */;
			sourceTree = BUILT_PRODUCTS_DIR;
		};
/* End PBXReferenceProxy section */

/* Begin PBXResourcesBuildPhase section */
		92E751F01964FD0700F831F3 /* Resources */ = {
			isa = PBXResourcesBuildPhase;
			buildActionMask = 2147483647;
			files = (
				929A58CD196536E0007F2327 /* index.html in Resources */,
				92E7520C1964FD0700F831F3 /* Images.xcassets in Resources */,
				92E7524F1964FDB800F831F3 /* VZTabSongs@2x.png in Resources */,
				92E7524E1964FDB800F831F3 /* VZTabSongs.png in Resources */,
				929A58CF196536E0007F2327 /* search.html in Resources */,
				92E751FB1964FD0700F831F3 /* InfoPlist.strings in Resources */,
				92E7524B1964FDB800F831F3 /* VZTabMe@2x.png in Resources */,
				92E7524A1964FDB800F831F3 /* VZTabMe.png in Resources */,
			);
			runOnlyForDeploymentPostprocessing = 0;
		};
		92E7520F1964FD0700F831F3 /* Resources */ = {
			isa = PBXResourcesBuildPhase;
			buildActionMask = 2147483647;
			files = (
				929A58D11965410A007F2327 /* index.html in Resources */,
				929A58D21965410A007F2327 /* search.html in Resources */,
				92E7521C1964FD0800F831F3 /* InfoPlist.strings in Resources */,
			);
			runOnlyForDeploymentPostprocessing = 0;
		};
/* End PBXResourcesBuildPhase section */

/* Begin PBXSourcesBuildPhase section */
		92E751EE1964FD0700F831F3 /* Sources */ = {
			isa = PBXSourcesBuildPhase;
			buildActionMask = 2147483647;
			files = (
				929A58B21965321E007F2327 /* MXMLNode.m in Sources */,
				929A58B11965321E007F2327 /* MXMLDocument.m in Sources */,
				92E752391964FD8B00F831F3 /* VZBaseViewController.m in Sources */,
				92E752011964FD0700F831F3 /* VZAppDelegate.m in Sources */,
				92E752661964FDC000F831F3 /* AFHTTPRequestOperationManager.m in Sources */,
				92E752411964FD8B00F831F3 /* VZViewService.m in Sources */,
				92E7526A1964FDC000F831F3 /* AFURLConnectionOperation.m in Sources */,
				92E7523E1964FD8B00F831F3 /* VZSongsViewController.m in Sources */,
				92E7526B1964FDC000F831F3 /* AFURLRequestSerialization.m in Sources */,
				92E752671964FDC000F831F3 /* AFHTTPSessionManager.m in Sources */,
				92E752651964FDC000F831F3 /* AFHTTPRequestOperation.m in Sources */,
				92E7523C1964FD8B00F831F3 /* VZRootViewController.m in Sources */,
				92E752691964FDC000F831F3 /* AFSecurityPolicy.m in Sources */,
				92E752731964FDDB00F831F3 /* VZKeys.m in Sources */,
				92E751FD1964FD0700F831F3 /* main.m in Sources */,
				92E752681964FDC000F831F3 /* AFNetworkReachabilityManager.m in Sources */,
				92E7526D1964FDC000F831F3 /* AFURLSessionManager.m in Sources */,
				92E7523D1964FD8B00F831F3 /* VZSearchViewController.m in Sources */,
				92E752401964FD8B00F831F3 /* VZDataService.m in Sources */,
				92E7523F1964FD8B00F831F3 /* VZURLManager.m in Sources */,
				92E7526C1964FDC000F831F3 /* AFURLResponseSerialization.m in Sources */,
				92E7523B1964FD8B00F831F3 /* VZPreferencesViewController.m in Sources */,
				929A58AA196523B4007F2327 /* NSDictionary+Extensions.m in Sources */,
			);
			runOnlyForDeploymentPostprocessing = 0;
		};
		92E7520D1964FD0700F831F3 /* Sources */ = {
			isa = PBXSourcesBuildPhase;
			buildActionMask = 2147483647;
			files = (
				929A58D319654145007F2327 /* MXMLDocument.m in Sources */,
				929A58D419654145007F2327 /* MXMLNode.m in Sources */,
				929A58D519654145007F2327 /* AFHTTPRequestOperation.m in Sources */,
				929A58D619654145007F2327 /* AFHTTPRequestOperationManager.m in Sources */,
				929A58D719654145007F2327 /* AFHTTPSessionManager.m in Sources */,
				929A58D819654145007F2327 /* AFNetworkReachabilityManager.m in Sources */,
				929A58D919654145007F2327 /* AFSecurityPolicy.m in Sources */,
				929A58DA19654145007F2327 /* AFURLConnectionOperation.m in Sources */,
				929A58DB19654145007F2327 /* AFURLRequestSerialization.m in Sources */,
				929A58DC19654145007F2327 /* AFURLResponseSerialization.m in Sources */,
				929A58DD19654145007F2327 /* AFURLSessionManager.m in Sources */,
				929A58DE19654145007F2327 /* NSDictionary+Extensions.m in Sources */,
				929A58DF19654145007F2327 /* VZKeys.m in Sources */,
				929A58E019654145007F2327 /* VZBaseViewController.m in Sources */,
				929A58E119654145007F2327 /* VZPreferencesViewController.m in Sources */,
				929A58E219654145007F2327 /* VZRootViewController.m in Sources */,
				929A58E319654145007F2327 /* VZSearchViewController.m in Sources */,
				929A58E419654145007F2327 /* VZSongsViewController.m in Sources */,
				929A58E519654145007F2327 /* VZURLManager.m in Sources */,
				929A58E619654145007F2327 /* VZDataService.m in Sources */,
				929A58E719654145007F2327 /* VZViewService.m in Sources */,
				929A58E819654145007F2327 /* VZAppDelegate.m in Sources */,
				92E7521E1964FD0800F831F3 /* iPraiseTests.m in Sources */,
			);
			runOnlyForDeploymentPostprocessing = 0;
		};
/* End PBXSourcesBuildPhase section */

/* Begin PBXTargetDependency section */
		60D265851965A44C00B8BD62 /* PBXTargetDependency */ = {
			isa = PBXTargetDependency;
			name = iOSHierarchyViewer;
			targetProxy = 60D265841965A44C00B8BD62 /* PBXContainerItemProxy */;
		};
		60D2658E1965AC7200B8BD62 /* PBXTargetDependency */ = {
			isa = PBXTargetDependency;
			name = fppopover;
			targetProxy = 60D2658D1965AC7200B8BD62 /* PBXContainerItemProxy */;
		};
		92E752161964FD0800F831F3 /* PBXTargetDependency */ = {
			isa = PBXTargetDependency;
			target = 92E751F11964FD0700F831F3 /* iPraise */;
			targetProxy = 92E752151964FD0800F831F3 /* PBXContainerItemProxy */;
		};
/* End PBXTargetDependency section */

/* Begin PBXVariantGroup section */
		92E751F91964FD0700F831F3 /* InfoPlist.strings */ = {
			isa = PBXVariantGroup;
			children = (
				92E751FA1964FD0700F831F3 /* en */,
			);
			name = InfoPlist.strings;
			sourceTree = "<group>";
		};
		92E7521A1964FD0800F831F3 /* InfoPlist.strings */ = {
			isa = PBXVariantGroup;
			children = (
				92E7521B1964FD0800F831F3 /* en */,
			);
			name = InfoPlist.strings;
			sourceTree = "<group>";
		};
/* End PBXVariantGroup section */

/* Begin XCBuildConfiguration section */
		929CB6AD193EC4EF0016820F /* Debug */ = {
			isa = XCBuildConfiguration;
			buildSettings = {
				ALWAYS_SEARCH_USER_PATHS = NO;
				CLANG_CXX_LANGUAGE_STANDARD = "gnu++0x";
				CLANG_CXX_LIBRARY = "libc++";
				CLANG_ENABLE_MODULES = YES;
				CLANG_ENABLE_OBJC_ARC = YES;
				CLANG_WARN_BOOL_CONVERSION = YES;
				CLANG_WARN_CONSTANT_CONVERSION = YES;
				CLANG_WARN_DIRECT_OBJC_ISA_USAGE = YES_ERROR;
				CLANG_WARN_EMPTY_BODY = YES;
				CLANG_WARN_ENUM_CONVERSION = YES;
				CLANG_WARN_INT_CONVERSION = YES;
				CLANG_WARN_OBJC_ROOT_CLASS = YES_ERROR;
				CLANG_WARN__DUPLICATE_METHOD_MATCH = YES;
				"CODE_SIGN_IDENTITY[sdk=iphoneos*]" = "iPhone Developer";
				COPY_PHASE_STRIP = NO;
				GCC_C_LANGUAGE_STANDARD = gnu99;
				GCC_DYNAMIC_NO_PIC = NO;
				GCC_OPTIMIZATION_LEVEL = 0;
				GCC_PREPROCESSOR_DEFINITIONS = (
					"DEBUG=1",
					"$(inherited)",
				);
				GCC_SYMBOLS_PRIVATE_EXTERN = NO;
				GCC_WARN_64_TO_32_BIT_CONVERSION = YES;
				GCC_WARN_ABOUT_RETURN_TYPE = YES_ERROR;
				GCC_WARN_UNDECLARED_SELECTOR = YES;
				GCC_WARN_UNINITIALIZED_AUTOS = YES_AGGRESSIVE;
				GCC_WARN_UNUSED_FUNCTION = YES;
				GCC_WARN_UNUSED_VARIABLE = YES;
				IPHONEOS_DEPLOYMENT_TARGET = 7.1;
				ONLY_ACTIVE_ARCH = YES;
				SDKROOT = iphoneos;
			};
			name = Debug;
		};
		929CB6AE193EC4EF0016820F /* Release */ = {
			isa = XCBuildConfiguration;
			buildSettings = {
				ALWAYS_SEARCH_USER_PATHS = NO;
				CLANG_CXX_LANGUAGE_STANDARD = "gnu++0x";
				CLANG_CXX_LIBRARY = "libc++";
				CLANG_ENABLE_MODULES = YES;
				CLANG_ENABLE_OBJC_ARC = YES;
				CLANG_WARN_BOOL_CONVERSION = YES;
				CLANG_WARN_CONSTANT_CONVERSION = YES;
				CLANG_WARN_DIRECT_OBJC_ISA_USAGE = YES_ERROR;
				CLANG_WARN_EMPTY_BODY = YES;
				CLANG_WARN_ENUM_CONVERSION = YES;
				CLANG_WARN_INT_CONVERSION = YES;
				CLANG_WARN_OBJC_ROOT_CLASS = YES_ERROR;
				CLANG_WARN__DUPLICATE_METHOD_MATCH = YES;
				"CODE_SIGN_IDENTITY[sdk=iphoneos*]" = "iPhone Developer";
				COPY_PHASE_STRIP = YES;
				ENABLE_NS_ASSERTIONS = NO;
				GCC_C_LANGUAGE_STANDARD = gnu99;
				GCC_WARN_64_TO_32_BIT_CONVERSION = YES;
				GCC_WARN_ABOUT_RETURN_TYPE = YES_ERROR;
				GCC_WARN_UNDECLARED_SELECTOR = YES;
				GCC_WARN_UNINITIALIZED_AUTOS = YES_AGGRESSIVE;
				GCC_WARN_UNUSED_FUNCTION = YES;
				GCC_WARN_UNUSED_VARIABLE = YES;
				IPHONEOS_DEPLOYMENT_TARGET = 7.1;
				SDKROOT = iphoneos;
				VALIDATE_PRODUCT = YES;
			};
			name = Release;
		};
		92E7521F1964FD0900F831F3 /* Debug */ = {
			isa = XCBuildConfiguration;
			buildSettings = {
				ASSETCATALOG_COMPILER_APPICON_NAME = AppIcon;
				ASSETCATALOG_COMPILER_LAUNCHIMAGE_NAME = LaunchImage;
				CLANG_ENABLE_OBJC_ARC = YES;
				GCC_PRECOMPILE_PREFIX_HEADER = YES;
				GCC_PREFIX_HEADER = "iPraise/iPraise-Prefix.pch";
				GCC_PREPROCESSOR_DEFINITIONS = (
					"DEBUG=1",
					"$(inherited)",
				);
				HEADER_SEARCH_PATHS = (
					"$(inherited)",
					/usr/include/libxml2,
					"$(SRCROOT)/iPraise/Library/Popover",
					"$(SRCROOT)/iPraise/Library/iOS-Hierarchy-Viewer/iOSViewHierarchy",
				);
				INFOPLIST_FILE = "iPraise/iPraise-Info.plist";
				PRODUCT_NAME = "$(TARGET_NAME)";
				WRAPPER_EXTENSION = app;
			};
			name = Debug;
		};
		92E752201964FD0900F831F3 /* Release */ = {
			isa = XCBuildConfiguration;
			buildSettings = {
				ASSETCATALOG_COMPILER_APPICON_NAME = AppIcon;
				ASSETCATALOG_COMPILER_LAUNCHIMAGE_NAME = LaunchImage;
				CLANG_ENABLE_OBJC_ARC = YES;
				GCC_PRECOMPILE_PREFIX_HEADER = YES;
				GCC_PREFIX_HEADER = "iPraise/iPraise-Prefix.pch";
				HEADER_SEARCH_PATHS = (
					"$(inherited)",
					/usr/include/libxml2,
					"$(SRCROOT)/iPraise/Library/Popover",
					"$(SRCROOT)/iPraise/Library/iOS-Hierarchy-Viewer/iOSViewHierarchy",
				);
				INFOPLIST_FILE = "iPraise/iPraise-Info.plist";
				PRODUCT_NAME = "$(TARGET_NAME)";
				WRAPPER_EXTENSION = app;
			};
			name = Release;
		};
		92E752211964FD0900F831F3 /* Debug */ = {
			isa = XCBuildConfiguration;
			buildSettings = {
				BUNDLE_LOADER = "$(BUILT_PRODUCTS_DIR)/Zanmeishi.app/Zanmeishi";
				CLANG_ENABLE_OBJC_ARC = YES;
				FRAMEWORK_SEARCH_PATHS = (
					"$(SDKROOT)/Developer/Library/Frameworks",
					"$(inherited)",
					"$(DEVELOPER_FRAMEWORKS_DIR)",
				);
				GCC_PRECOMPILE_PREFIX_HEADER = YES;
				GCC_PREFIX_HEADER = "iPraise/iPraise-Prefix.pch";
				GCC_PREPROCESSOR_DEFINITIONS = (
					"DEBUG=1",
					"$(inherited)",
				);
				HEADER_SEARCH_PATHS = (
					"$(inherited)",
					/usr/include/libxml2/,
				);
				INFOPLIST_FILE = "iPraiseTests/iPraiseTests-Info.plist";
				PRODUCT_NAME = "$(TARGET_NAME)";
				TEST_HOST = "$(BUNDLE_LOADER)";
				WRAPPER_EXTENSION = xctest;
			};
			name = Debug;
		};
		92E752221964FD0900F831F3 /* Release */ = {
			isa = XCBuildConfiguration;
			buildSettings = {
				BUNDLE_LOADER = "$(BUILT_PRODUCTS_DIR)/Zanmeishi.app/Zanmeishi";
				CLANG_ENABLE_OBJC_ARC = YES;
				FRAMEWORK_SEARCH_PATHS = (
					"$(SDKROOT)/Developer/Library/Frameworks",
					"$(inherited)",
					"$(DEVELOPER_FRAMEWORKS_DIR)",
				);
				GCC_PRECOMPILE_PREFIX_HEADER = YES;
				GCC_PREFIX_HEADER = "iPraise/iPraise-Prefix.pch";
				HEADER_SEARCH_PATHS = (
					"$(inherited)",
					/usr/include/libxml2/,
				);
				INFOPLIST_FILE = "iPraiseTests/iPraiseTests-Info.plist";
				PRODUCT_NAME = "$(TARGET_NAME)";
				TEST_HOST = "$(BUNDLE_LOADER)";
				WRAPPER_EXTENSION = xctest;
			};
			name = Release;
		};
/* End XCBuildConfiguration section */

/* Begin XCConfigurationList section */
		929CB675193EC4ED0016820F /* Build configuration list for PBXProject "Zanmeishi" */ = {
			isa = XCConfigurationList;
			buildConfigurations = (
				929CB6AD193EC4EF0016820F /* Debug */,
				929CB6AE193EC4EF0016820F /* Release */,
			);
			defaultConfigurationIsVisible = 0;
			defaultConfigurationName = Release;
		};
		92E752231964FD0900F831F3 /* Build configuration list for PBXNativeTarget "iPraise" */ = {
			isa = XCConfigurationList;
			buildConfigurations = (
				92E7521F1964FD0900F831F3 /* Debug */,
				92E752201964FD0900F831F3 /* Release */,
			);
			defaultConfigurationIsVisible = 0;
			defaultConfigurationName = Release;
		};
		92E752241964FD0900F831F3 /* Build configuration list for PBXNativeTarget "iPraiseTests" */ = {
			isa = XCConfigurationList;
			buildConfigurations = (
				92E752211964FD0900F831F3 /* Debug */,
				92E752221964FD0900F831F3 /* Release */,
			);
			defaultConfigurationIsVisible = 0;
			defaultConfigurationName = Release;
		};
/* End XCConfigurationList section */
	};
	rootObject = 929CB672193EC4ED0016820F /* Project object */;
}
