// !$*UTF8*$!
{
	archiveVersion = 1;
	classes = {
	};
	objectVersion = 46;
	objects = {

/* Begin PBXBuildFile section */
		925454A21963D0E300286694 /* VZRootViewController.m in Sources */ = {isa = PBXBuildFile; fileRef = 925454A11963D0E300286694 /* VZRootViewController.m */; };
		925454A51963D33E00286694 /* VZURLManager.m in Sources */ = {isa = PBXBuildFile; fileRef = 925454A41963D33E00286694 /* VZURLManager.m */; };
		925454A81963D40B00286694 /* VZUserManager.m in Sources */ = {isa = PBXBuildFile; fileRef = 925454A71963D40B00286694 /* VZUserManager.m */; };
		925454B11963DE6200286694 /* VZKeys.m in Sources */ = {isa = PBXBuildFile; fileRef = 925454B01963DE6200286694 /* VZKeys.m */; };
		925454B51963DF7600286694 /* VZViewService.m in Sources */ = {isa = PBXBuildFile; fileRef = 925454B41963DF7600286694 /* VZViewService.m */; };
		929CB67E193EC4ED0016820F /* Foundation.framework in Frameworks */ = {isa = PBXBuildFile; fileRef = 929CB67D193EC4ED0016820F /* Foundation.framework */; };
		929CB680193EC4ED0016820F /* CoreGraphics.framework in Frameworks */ = {isa = PBXBuildFile; fileRef = 929CB67F193EC4ED0016820F /* CoreGraphics.framework */; };
		929CB682193EC4ED0016820F /* UIKit.framework in Frameworks */ = {isa = PBXBuildFile; fileRef = 929CB681193EC4ED0016820F /* UIKit.framework */; };
		929CB688193EC4EE0016820F /* InfoPlist.strings in Resources */ = {isa = PBXBuildFile; fileRef = 929CB686193EC4EE0016820F /* InfoPlist.strings */; };
		929CB68A193EC4EE0016820F /* main.m in Sources */ = {isa = PBXBuildFile; fileRef = 929CB689193EC4EE0016820F /* main.m */; };
		929CB68E193EC4EE0016820F /* VZAppDelegate.m in Sources */ = {isa = PBXBuildFile; fileRef = 929CB68D193EC4EE0016820F /* VZAppDelegate.m */; };
		929CB694193EC4EF0016820F /* VZSongsViewController.m in Sources */ = {isa = PBXBuildFile; fileRef = 929CB693193EC4EF0016820F /* VZSongsViewController.m */; };
		929CB697193EC4EF0016820F /* VZPreferencesViewController.m in Sources */ = {isa = PBXBuildFile; fileRef = 929CB696193EC4EF0016820F /* VZPreferencesViewController.m */; };
		929CB699193EC4EF0016820F /* Images.xcassets in Resources */ = {isa = PBXBuildFile; fileRef = 929CB698193EC4EF0016820F /* Images.xcassets */; };
		929CB6CA193EC6ED0016820F /* AFHTTPRequestOperation.m in Sources */ = {isa = PBXBuildFile; fileRef = 929CB6B8193EC6ED0016820F /* AFHTTPRequestOperation.m */; };
		929CB6CB193EC6ED0016820F /* AFHTTPRequestOperationManager.m in Sources */ = {isa = PBXBuildFile; fileRef = 929CB6BA193EC6ED0016820F /* AFHTTPRequestOperationManager.m */; };
		929CB6CC193EC6ED0016820F /* AFHTTPSessionManager.m in Sources */ = {isa = PBXBuildFile; fileRef = 929CB6BC193EC6ED0016820F /* AFHTTPSessionManager.m */; };
		929CB6CD193EC6ED0016820F /* AFNetworkReachabilityManager.m in Sources */ = {isa = PBXBuildFile; fileRef = 929CB6BF193EC6ED0016820F /* AFNetworkReachabilityManager.m */; };
		929CB6CE193EC6ED0016820F /* AFSecurityPolicy.m in Sources */ = {isa = PBXBuildFile; fileRef = 929CB6C1193EC6ED0016820F /* AFSecurityPolicy.m */; };
		929CB6CF193EC6ED0016820F /* AFURLConnectionOperation.m in Sources */ = {isa = PBXBuildFile; fileRef = 929CB6C3193EC6ED0016820F /* AFURLConnectionOperation.m */; };
		929CB6D0193EC6ED0016820F /* AFURLRequestSerialization.m in Sources */ = {isa = PBXBuildFile; fileRef = 929CB6C5193EC6ED0016820F /* AFURLRequestSerialization.m */; };
		929CB6D1193EC6ED0016820F /* AFURLResponseSerialization.m in Sources */ = {isa = PBXBuildFile; fileRef = 929CB6C7193EC6ED0016820F /* AFURLResponseSerialization.m */; };
		929CB6D2193EC6ED0016820F /* AFURLSessionManager.m in Sources */ = {isa = PBXBuildFile; fileRef = 929CB6C9193EC6ED0016820F /* AFURLSessionManager.m */; };
/* End PBXBuildFile section */

/* Begin PBXFileReference section */
		925454A01963D0E300286694 /* VZRootViewController.h */ = {isa = PBXFileReference; fileEncoding = 4; lastKnownFileType = sourcecode.c.h; path = VZRootViewController.h; sourceTree = "<group>"; };
		925454A11963D0E300286694 /* VZRootViewController.m */ = {isa = PBXFileReference; fileEncoding = 4; lastKnownFileType = sourcecode.c.objc; path = VZRootViewController.m; sourceTree = "<group>"; };
		925454A31963D33E00286694 /* VZURLManager.h */ = {isa = PBXFileReference; fileEncoding = 4; lastKnownFileType = sourcecode.c.h; path = VZURLManager.h; sourceTree = "<group>"; };
		925454A41963D33E00286694 /* VZURLManager.m */ = {isa = PBXFileReference; fileEncoding = 4; lastKnownFileType = sourcecode.c.objc; path = VZURLManager.m; sourceTree = "<group>"; };
		925454A61963D40B00286694 /* VZUserManager.h */ = {isa = PBXFileReference; fileEncoding = 4; lastKnownFileType = sourcecode.c.h; path = VZUserManager.h; sourceTree = "<group>"; };
		925454A71963D40B00286694 /* VZUserManager.m */ = {isa = PBXFileReference; fileEncoding = 4; lastKnownFileType = sourcecode.c.objc; path = VZUserManager.m; sourceTree = "<group>"; };
		925454A91963DC1100286694 /* VZBase.h */ = {isa = PBXFileReference; fileEncoding = 4; lastKnownFileType = sourcecode.c.h; path = VZBase.h; sourceTree = "<group>"; };
		925454AC1963DC4500286694 /* VZHeaders.h */ = {isa = PBXFileReference; fileEncoding = 4; lastKnownFileType = sourcecode.c.h; path = VZHeaders.h; sourceTree = "<group>"; };
		925454AF1963DE6200286694 /* VZKeys.h */ = {isa = PBXFileReference; fileEncoding = 4; lastKnownFileType = sourcecode.c.h; path = VZKeys.h; sourceTree = "<group>"; };
		925454B01963DE6200286694 /* VZKeys.m */ = {isa = PBXFileReference; fileEncoding = 4; lastKnownFileType = sourcecode.c.objc; path = VZKeys.m; sourceTree = "<group>"; };
		925454B31963DF7600286694 /* VZViewService.h */ = {isa = PBXFileReference; fileEncoding = 4; lastKnownFileType = sourcecode.c.h; path = VZViewService.h; sourceTree = "<group>"; };
		925454B41963DF7600286694 /* VZViewService.m */ = {isa = PBXFileReference; fileEncoding = 4; lastKnownFileType = sourcecode.c.objc; path = VZViewService.m; sourceTree = "<group>"; };
		929CB67A193EC4ED0016820F /* Zanmeishi.app */ = {isa = PBXFileReference; explicitFileType = wrapper.application; includeInIndex = 0; path = Zanmeishi.app; sourceTree = BUILT_PRODUCTS_DIR; };
		929CB67D193EC4ED0016820F /* Foundation.framework */ = {isa = PBXFileReference; lastKnownFileType = wrapper.framework; name = Foundation.framework; path = System/Library/Frameworks/Foundation.framework; sourceTree = SDKROOT; };
		929CB67F193EC4ED0016820F /* CoreGraphics.framework */ = {isa = PBXFileReference; lastKnownFileType = wrapper.framework; name = CoreGraphics.framework; path = System/Library/Frameworks/CoreGraphics.framework; sourceTree = SDKROOT; };
		929CB681193EC4ED0016820F /* UIKit.framework */ = {isa = PBXFileReference; lastKnownFileType = wrapper.framework; name = UIKit.framework; path = System/Library/Frameworks/UIKit.framework; sourceTree = SDKROOT; };
		929CB685193EC4EE0016820F /* Zanmeishi-Info.plist */ = {isa = PBXFileReference; lastKnownFileType = text.plist.xml; path = "Zanmeishi-Info.plist"; sourceTree = "<group>"; };
		929CB687193EC4EE0016820F /* en */ = {isa = PBXFileReference; lastKnownFileType = text.plist.strings; name = en; path = en.lproj/InfoPlist.strings; sourceTree = "<group>"; };
		929CB689193EC4EE0016820F /* main.m */ = {isa = PBXFileReference; lastKnownFileType = sourcecode.c.objc; path = main.m; sourceTree = "<group>"; };
		929CB68B193EC4EE0016820F /* Zanmeishi-Prefix.pch */ = {isa = PBXFileReference; lastKnownFileType = sourcecode.c.h; path = "Zanmeishi-Prefix.pch"; sourceTree = "<group>"; };
		929CB68C193EC4EE0016820F /* VZAppDelegate.h */ = {isa = PBXFileReference; lastKnownFileType = sourcecode.c.h; path = VZAppDelegate.h; sourceTree = "<group>"; };
		929CB68D193EC4EE0016820F /* VZAppDelegate.m */ = {isa = PBXFileReference; lastKnownFileType = sourcecode.c.objc; path = VZAppDelegate.m; sourceTree = "<group>"; };
		929CB692193EC4EF0016820F /* VZSongsViewController.h */ = {isa = PBXFileReference; lastKnownFileType = sourcecode.c.h; path = VZSongsViewController.h; sourceTree = "<group>"; };
		929CB693193EC4EF0016820F /* VZSongsViewController.m */ = {isa = PBXFileReference; lastKnownFileType = sourcecode.c.objc; path = VZSongsViewController.m; sourceTree = "<group>"; };
		929CB695193EC4EF0016820F /* VZPreferencesViewController.h */ = {isa = PBXFileReference; lastKnownFileType = sourcecode.c.h; path = VZPreferencesViewController.h; sourceTree = "<group>"; };
		929CB696193EC4EF0016820F /* VZPreferencesViewController.m */ = {isa = PBXFileReference; lastKnownFileType = sourcecode.c.objc; path = VZPreferencesViewController.m; sourceTree = "<group>"; };
		929CB698193EC4EF0016820F /* Images.xcassets */ = {isa = PBXFileReference; lastKnownFileType = folder.assetcatalog; path = Images.xcassets; sourceTree = "<group>"; };
		929CB69F193EC4EF0016820F /* XCTest.framework */ = {isa = PBXFileReference; lastKnownFileType = wrapper.framework; name = XCTest.framework; path = Library/Frameworks/XCTest.framework; sourceTree = DEVELOPER_DIR; };
		929CB6B7193EC6ED0016820F /* AFHTTPRequestOperation.h */ = {isa = PBXFileReference; fileEncoding = 4; lastKnownFileType = sourcecode.c.h; path = AFHTTPRequestOperation.h; sourceTree = "<group>"; };
		929CB6B8193EC6ED0016820F /* AFHTTPRequestOperation.m */ = {isa = PBXFileReference; fileEncoding = 4; lastKnownFileType = sourcecode.c.objc; path = AFHTTPRequestOperation.m; sourceTree = "<group>"; };
		929CB6B9193EC6ED0016820F /* AFHTTPRequestOperationManager.h */ = {isa = PBXFileReference; fileEncoding = 4; lastKnownFileType = sourcecode.c.h; path = AFHTTPRequestOperationManager.h; sourceTree = "<group>"; };
		929CB6BA193EC6ED0016820F /* AFHTTPRequestOperationManager.m */ = {isa = PBXFileReference; fileEncoding = 4; lastKnownFileType = sourcecode.c.objc; path = AFHTTPRequestOperationManager.m; sourceTree = "<group>"; };
		929CB6BB193EC6ED0016820F /* AFHTTPSessionManager.h */ = {isa = PBXFileReference; fileEncoding = 4; lastKnownFileType = sourcecode.c.h; path = AFHTTPSessionManager.h; sourceTree = "<group>"; };
		929CB6BC193EC6ED0016820F /* AFHTTPSessionManager.m */ = {isa = PBXFileReference; fileEncoding = 4; lastKnownFileType = sourcecode.c.objc; path = AFHTTPSessionManager.m; sourceTree = "<group>"; };
		929CB6BD193EC6ED0016820F /* AFNetworking.h */ = {isa = PBXFileReference; fileEncoding = 4; lastKnownFileType = sourcecode.c.h; path = AFNetworking.h; sourceTree = "<group>"; };
		929CB6BE193EC6ED0016820F /* AFNetworkReachabilityManager.h */ = {isa = PBXFileReference; fileEncoding = 4; lastKnownFileType = sourcecode.c.h; path = AFNetworkReachabilityManager.h; sourceTree = "<group>"; };
		929CB6BF193EC6ED0016820F /* AFNetworkReachabilityManager.m */ = {isa = PBXFileReference; fileEncoding = 4; lastKnownFileType = sourcecode.c.objc; path = AFNetworkReachabilityManager.m; sourceTree = "<group>"; };
		929CB6C0193EC6ED0016820F /* AFSecurityPolicy.h */ = {isa = PBXFileReference; fileEncoding = 4; lastKnownFileType = sourcecode.c.h; path = AFSecurityPolicy.h; sourceTree = "<group>"; };
		929CB6C1193EC6ED0016820F /* AFSecurityPolicy.m */ = {isa = PBXFileReference; fileEncoding = 4; lastKnownFileType = sourcecode.c.objc; path = AFSecurityPolicy.m; sourceTree = "<group>"; };
		929CB6C2193EC6ED0016820F /* AFURLConnectionOperation.h */ = {isa = PBXFileReference; fileEncoding = 4; lastKnownFileType = sourcecode.c.h; path = AFURLConnectionOperation.h; sourceTree = "<group>"; };
		929CB6C3193EC6ED0016820F /* AFURLConnectionOperation.m */ = {isa = PBXFileReference; fileEncoding = 4; lastKnownFileType = sourcecode.c.objc; path = AFURLConnectionOperation.m; sourceTree = "<group>"; };
		929CB6C4193EC6ED0016820F /* AFURLRequestSerialization.h */ = {isa = PBXFileReference; fileEncoding = 4; lastKnownFileType = sourcecode.c.h; path = AFURLRequestSerialization.h; sourceTree = "<group>"; };
		929CB6C5193EC6ED0016820F /* AFURLRequestSerialization.m */ = {isa = PBXFileReference; fileEncoding = 4; lastKnownFileType = sourcecode.c.objc; path = AFURLRequestSerialization.m; sourceTree = "<group>"; };
		929CB6C6193EC6ED0016820F /* AFURLResponseSerialization.h */ = {isa = PBXFileReference; fileEncoding = 4; lastKnownFileType = sourcecode.c.h; path = AFURLResponseSerialization.h; sourceTree = "<group>"; };
		929CB6C7193EC6ED0016820F /* AFURLResponseSerialization.m */ = {isa = PBXFileReference; fileEncoding = 4; lastKnownFileType = sourcecode.c.objc; path = AFURLResponseSerialization.m; sourceTree = "<group>"; };
		929CB6C8193EC6ED0016820F /* AFURLSessionManager.h */ = {isa = PBXFileReference; fileEncoding = 4; lastKnownFileType = sourcecode.c.h; path = AFURLSessionManager.h; sourceTree = "<group>"; };
		929CB6C9193EC6ED0016820F /* AFURLSessionManager.m */ = {isa = PBXFileReference; fileEncoding = 4; lastKnownFileType = sourcecode.c.objc; path = AFURLSessionManager.m; sourceTree = "<group>"; };
/* End PBXFileReference section */

/* Begin PBXFrameworksBuildPhase section */
		929CB677193EC4ED0016820F /* Frameworks */ = {
			isa = PBXFrameworksBuildPhase;
			buildActionMask = 2147483647;
			files = (
				929CB680193EC4ED0016820F /* CoreGraphics.framework in Frameworks */,
				929CB682193EC4ED0016820F /* UIKit.framework in Frameworks */,
				929CB67E193EC4ED0016820F /* Foundation.framework in Frameworks */,
			);
			runOnlyForDeploymentPostprocessing = 0;
		};
/* End PBXFrameworksBuildPhase section */

/* Begin PBXGroup section */
		925454B21963DEE500286694 /* Global */ = {
			isa = PBXGroup;
			children = (
				925454A91963DC1100286694 /* VZBase.h */,
				925454AF1963DE6200286694 /* VZKeys.h */,
				925454B01963DE6200286694 /* VZKeys.m */,
				925454AC1963DC4500286694 /* VZHeaders.h */,
			);
			name = Global;
			sourceTree = "<group>";
		};
		929CB671193EC4ED0016820F = {
			isa = PBXGroup;
			children = (
				929CB683193EC4ED0016820F /* Zanmeishi */,
				929CB67C193EC4ED0016820F /* Frameworks */,
				929CB67B193EC4ED0016820F /* Products */,
			);
			sourceTree = "<group>";
		};
		929CB67B193EC4ED0016820F /* Products */ = {
			isa = PBXGroup;
			children = (
				929CB67A193EC4ED0016820F /* Zanmeishi.app */,
			);
			name = Products;
			sourceTree = "<group>";
		};
		929CB67C193EC4ED0016820F /* Frameworks */ = {
			isa = PBXGroup;
			children = (
				929CB67D193EC4ED0016820F /* Foundation.framework */,
				929CB67F193EC4ED0016820F /* CoreGraphics.framework */,
				929CB681193EC4ED0016820F /* UIKit.framework */,
				929CB69F193EC4EF0016820F /* XCTest.framework */,
			);
			name = Frameworks;
			sourceTree = "<group>";
		};
		929CB683193EC4ED0016820F /* Zanmeishi */ = {
			isa = PBXGroup;
			children = (
				929CB6B5193EC6ED0016820F /* Library */,
				929CB68C193EC4EE0016820F /* VZAppDelegate.h */,
				929CB68D193EC4EE0016820F /* VZAppDelegate.m */,
				925454A01963D0E300286694 /* VZRootViewController.h */,
				925454A11963D0E300286694 /* VZRootViewController.m */,
				929CB692193EC4EF0016820F /* VZSongsViewController.h */,
				929CB693193EC4EF0016820F /* VZSongsViewController.m */,
				929CB695193EC4EF0016820F /* VZPreferencesViewController.h */,
				929CB696193EC4EF0016820F /* VZPreferencesViewController.m */,
				925454A31963D33E00286694 /* VZURLManager.h */,
				925454A41963D33E00286694 /* VZURLManager.m */,
				925454A61963D40B00286694 /* VZUserManager.h */,
				925454A71963D40B00286694 /* VZUserManager.m */,
				925454B31963DF7600286694 /* VZViewService.h */,
				925454B41963DF7600286694 /* VZViewService.m */,
				925454B21963DEE500286694 /* Global */,
				929CB698193EC4EF0016820F /* Images.xcassets */,
				929CB684193EC4ED0016820F /* Supporting Files */,
			);
			path = Zanmeishi;
			sourceTree = "<group>";
		};
		929CB684193EC4ED0016820F /* Supporting Files */ = {
			isa = PBXGroup;
			children = (
				929CB685193EC4EE0016820F /* Zanmeishi-Info.plist */,
				929CB686193EC4EE0016820F /* InfoPlist.strings */,
				929CB689193EC4EE0016820F /* main.m */,
				929CB68B193EC4EE0016820F /* Zanmeishi-Prefix.pch */,
			);
			name = "Supporting Files";
			sourceTree = "<group>";
		};
		929CB6B5193EC6ED0016820F /* Library */ = {
			isa = PBXGroup;
			children = (
				929CB6B6193EC6ED0016820F /* AFNetworking */,
			);
			path = Library;
			sourceTree = "<group>";
		};
		929CB6B6193EC6ED0016820F /* AFNetworking */ = {
			isa = PBXGroup;
			children = (
				929CB6B7193EC6ED0016820F /* AFHTTPRequestOperation.h */,
				929CB6B8193EC6ED0016820F /* AFHTTPRequestOperation.m */,
				929CB6B9193EC6ED0016820F /* AFHTTPRequestOperationManager.h */,
				929CB6BA193EC6ED0016820F /* AFHTTPRequestOperationManager.m */,
				929CB6BB193EC6ED0016820F /* AFHTTPSessionManager.h */,
				929CB6BC193EC6ED0016820F /* AFHTTPSessionManager.m */,
				929CB6BD193EC6ED0016820F /* AFNetworking.h */,
				929CB6BE193EC6ED0016820F /* AFNetworkReachabilityManager.h */,
				929CB6BF193EC6ED0016820F /* AFNetworkReachabilityManager.m */,
				929CB6C0193EC6ED0016820F /* AFSecurityPolicy.h */,
				929CB6C1193EC6ED0016820F /* AFSecurityPolicy.m */,
				929CB6C2193EC6ED0016820F /* AFURLConnectionOperation.h */,
				929CB6C3193EC6ED0016820F /* AFURLConnectionOperation.m */,
				929CB6C4193EC6ED0016820F /* AFURLRequestSerialization.h */,
				929CB6C5193EC6ED0016820F /* AFURLRequestSerialization.m */,
				929CB6C6193EC6ED0016820F /* AFURLResponseSerialization.h */,
				929CB6C7193EC6ED0016820F /* AFURLResponseSerialization.m */,
				929CB6C8193EC6ED0016820F /* AFURLSessionManager.h */,
				929CB6C9193EC6ED0016820F /* AFURLSessionManager.m */,
			);
			path = AFNetworking;
			sourceTree = "<group>";
		};
/* End PBXGroup section */

/* Begin PBXNativeTarget section */
		929CB679193EC4ED0016820F /* Zanmeishi */ = {
			isa = PBXNativeTarget;
			buildConfigurationList = 929CB6AF193EC4EF0016820F /* Build configuration list for PBXNativeTarget "Zanmeishi" */;
			buildPhases = (
				929CB676193EC4ED0016820F /* Sources */,
				929CB677193EC4ED0016820F /* Frameworks */,
				929CB678193EC4ED0016820F /* Resources */,
			);
			buildRules = (
			);
			dependencies = (
			);
			name = Zanmeishi;
			productName = Zanmeishi;
			productReference = 929CB67A193EC4ED0016820F /* Zanmeishi.app */;
			productType = "com.apple.product-type.application";
		};
/* End PBXNativeTarget section */

/* Begin PBXProject section */
		929CB672193EC4ED0016820F /* Project object */ = {
			isa = PBXProject;
			attributes = {
				CLASSPREFIX = VZ;
				LastUpgradeCheck = 0510;
				ORGANIZATIONNAME = Mac003;
			};
			buildConfigurationList = 929CB675193EC4ED0016820F /* Build configuration list for PBXProject "Zanmeishi" */;
			compatibilityVersion = "Xcode 3.2";
			developmentRegion = English;
			hasScannedForEncodings = 0;
			knownRegions = (
				en,
				Base,
			);
			mainGroup = 929CB671193EC4ED0016820F;
			productRefGroup = 929CB67B193EC4ED0016820F /* Products */;
			projectDirPath = "";
			projectRoot = "";
			targets = (
				929CB679193EC4ED0016820F /* Zanmeishi */,
			);
		};
/* End PBXProject section */

/* Begin PBXResourcesBuildPhase section */
		929CB678193EC4ED0016820F /* Resources */ = {
			isa = PBXResourcesBuildPhase;
			buildActionMask = 2147483647;
			files = (
				929CB699193EC4EF0016820F /* Images.xcassets in Resources */,
				929CB688193EC4EE0016820F /* InfoPlist.strings in Resources */,
			);
			runOnlyForDeploymentPostprocessing = 0;
		};
/* End PBXResourcesBuildPhase section */

/* Begin PBXSourcesBuildPhase section */
		929CB676193EC4ED0016820F /* Sources */ = {
			isa = PBXSourcesBuildPhase;
			buildActionMask = 2147483647;
			files = (
				929CB68E193EC4EE0016820F /* VZAppDelegate.m in Sources */,
				929CB6CE193EC6ED0016820F /* AFSecurityPolicy.m in Sources */,
				929CB694193EC4EF0016820F /* VZSongsViewController.m in Sources */,
				925454A51963D33E00286694 /* VZURLManager.m in Sources */,
				925454B51963DF7600286694 /* VZViewService.m in Sources */,
				925454A81963D40B00286694 /* VZUserManager.m in Sources */,
				929CB6CB193EC6ED0016820F /* AFHTTPRequestOperationManager.m in Sources */,
				929CB6CF193EC6ED0016820F /* AFURLConnectionOperation.m in Sources */,
				929CB6CA193EC6ED0016820F /* AFHTTPRequestOperation.m in Sources */,
				925454A21963D0E300286694 /* VZRootViewController.m in Sources */,
				929CB697193EC4EF0016820F /* VZPreferencesViewController.m in Sources */,
				929CB6D0193EC6ED0016820F /* AFURLRequestSerialization.m in Sources */,
				929CB6CC193EC6ED0016820F /* AFHTTPSessionManager.m in Sources */,
				925454B11963DE6200286694 /* VZKeys.m in Sources */,
				929CB6CD193EC6ED0016820F /* AFNetworkReachabilityManager.m in Sources */,
				929CB6D1193EC6ED0016820F /* AFURLResponseSerialization.m in Sources */,
				929CB6D2193EC6ED0016820F /* AFURLSessionManager.m in Sources */,
				929CB68A193EC4EE0016820F /* main.m in Sources */,
			);
			runOnlyForDeploymentPostprocessing = 0;
		};
/* End PBXSourcesBuildPhase section */

/* Begin PBXVariantGroup section */
		929CB686193EC4EE0016820F /* InfoPlist.strings */ = {
			isa = PBXVariantGroup;
			children = (
				929CB687193EC4EE0016820F /* en */,
			);
			name = InfoPlist.strings;
			sourceTree = "<group>";
		};
/* End PBXVariantGroup section */

/* Begin XCBuildConfiguration section */
		929CB6AD193EC4EF0016820F /* Debug */ = {
			isa = XCBuildConfiguration;
			buildSettings = {
				ALWAYS_SEARCH_USER_PATHS = NO;
				CLANG_CXX_LANGUAGE_STANDARD = "gnu++0x";
				CLANG_CXX_LIBRARY = "libc++";
				CLANG_ENABLE_MODULES = YES;
				CLANG_ENABLE_OBJC_ARC = YES;
				CLANG_WARN_BOOL_CONVERSION = YES;
				CLANG_WARN_CONSTANT_CONVERSION = YES;
				CLANG_WARN_DIRECT_OBJC_ISA_USAGE = YES_ERROR;
				CLANG_WARN_EMPTY_BODY = YES;
				CLANG_WARN_ENUM_CONVERSION = YES;
				CLANG_WARN_INT_CONVERSION = YES;
				CLANG_WARN_OBJC_ROOT_CLASS = YES_ERROR;
				CLANG_WARN__DUPLICATE_METHOD_MATCH = YES;
				"CODE_SIGN_IDENTITY[sdk=iphoneos*]" = "iPhone Developer";
				COPY_PHASE_STRIP = NO;
				GCC_C_LANGUAGE_STANDARD = gnu99;
				GCC_DYNAMIC_NO_PIC = NO;
				GCC_OPTIMIZATION_LEVEL = 0;
				GCC_PREPROCESSOR_DEFINITIONS = (
					"DEBUG=1",
					"$(inherited)",
				);
				GCC_SYMBOLS_PRIVATE_EXTERN = NO;
				GCC_WARN_64_TO_32_BIT_CONVERSION = YES;
				GCC_WARN_ABOUT_RETURN_TYPE = YES_ERROR;
				GCC_WARN_UNDECLARED_SELECTOR = YES;
				GCC_WARN_UNINITIALIZED_AUTOS = YES_AGGRESSIVE;
				GCC_WARN_UNUSED_FUNCTION = YES;
				GCC_WARN_UNUSED_VARIABLE = YES;
				IPHONEOS_DEPLOYMENT_TARGET = 7.1;
				ONLY_ACTIVE_ARCH = YES;
				SDKROOT = iphoneos;
			};
			name = Debug;
		};
		929CB6AE193EC4EF0016820F /* Release */ = {
			isa = XCBuildConfiguration;
			buildSettings = {
				ALWAYS_SEARCH_USER_PATHS = NO;
				CLANG_CXX_LANGUAGE_STANDARD = "gnu++0x";
				CLANG_CXX_LIBRARY = "libc++";
				CLANG_ENABLE_MODULES = YES;
				CLANG_ENABLE_OBJC_ARC = YES;
				CLANG_WARN_BOOL_CONVERSION = YES;
				CLANG_WARN_CONSTANT_CONVERSION = YES;
				CLANG_WARN_DIRECT_OBJC_ISA_USAGE = YES_ERROR;
				CLANG_WARN_EMPTY_BODY = YES;
				CLANG_WARN_ENUM_CONVERSION = YES;
				CLANG_WARN_INT_CONVERSION = YES;
				CLANG_WARN_OBJC_ROOT_CLASS = YES_ERROR;
				CLANG_WARN__DUPLICATE_METHOD_MATCH = YES;
				"CODE_SIGN_IDENTITY[sdk=iphoneos*]" = "iPhone Developer";
				COPY_PHASE_STRIP = YES;
				ENABLE_NS_ASSERTIONS = NO;
				GCC_C_LANGUAGE_STANDARD = gnu99;
				GCC_WARN_64_TO_32_BIT_CONVERSION = YES;
				GCC_WARN_ABOUT_RETURN_TYPE = YES_ERROR;
				GCC_WARN_UNDECLARED_SELECTOR = YES;
				GCC_WARN_UNINITIALIZED_AUTOS = YES_AGGRESSIVE;
				GCC_WARN_UNUSED_FUNCTION = YES;
				GCC_WARN_UNUSED_VARIABLE = YES;
				IPHONEOS_DEPLOYMENT_TARGET = 7.1;
				SDKROOT = iphoneos;
				VALIDATE_PRODUCT = YES;
			};
			name = Release;
		};
		929CB6B0193EC4EF0016820F /* Debug */ = {
			isa = XCBuildConfiguration;
			buildSettings = {
				ASSETCATALOG_COMPILER_APPICON_NAME = AppIcon;
				ASSETCATALOG_COMPILER_LAUNCHIMAGE_NAME = LaunchImage;
				GCC_PRECOMPILE_PREFIX_HEADER = YES;
				GCC_PREFIX_HEADER = "Zanmeishi/Zanmeishi-Prefix.pch";
				INFOPLIST_FILE = "Zanmeishi/Zanmeishi-Info.plist";
				PRODUCT_NAME = "$(TARGET_NAME)";
				WRAPPER_EXTENSION = app;
			};
			name = Debug;
		};
		929CB6B1193EC4EF0016820F /* Release */ = {
			isa = XCBuildConfiguration;
			buildSettings = {
				ASSETCATALOG_COMPILER_APPICON_NAME = AppIcon;
				ASSETCATALOG_COMPILER_LAUNCHIMAGE_NAME = LaunchImage;
				GCC_PRECOMPILE_PREFIX_HEADER = YES;
				GCC_PREFIX_HEADER = "Zanmeishi/Zanmeishi-Prefix.pch";
				INFOPLIST_FILE = "Zanmeishi/Zanmeishi-Info.plist";
				PRODUCT_NAME = "$(TARGET_NAME)";
				WRAPPER_EXTENSION = app;
			};
			name = Release;
		};
/* End XCBuildConfiguration section */

/* Begin XCConfigurationList section */
		929CB675193EC4ED0016820F /* Build configuration list for PBXProject "Zanmeishi" */ = {
			isa = XCConfigurationList;
			buildConfigurations = (
				929CB6AD193EC4EF0016820F /* Debug */,
				929CB6AE193EC4EF0016820F /* Release */,
			);
			defaultConfigurationIsVisible = 0;
			defaultConfigurationName = Release;
		};
		929CB6AF193EC4EF0016820F /* Build configuration list for PBXNativeTarget "Zanmeishi" */ = {
			isa = XCConfigurationList;
			buildConfigurations = (
				929CB6B0193EC4EF0016820F /* Debug */,
				929CB6B1193EC4EF0016820F /* Release */,
			);
			defaultConfigurationIsVisible = 0;
			defaultConfigurationName = Release;
		};
/* End XCConfigurationList section */
	};
	rootObject = 929CB672193EC4ED0016820F /* Project object */;
}
