// !$*UTF8*$!
{
	archiveVersion = 1;
	classes = {
	};
	objectVersion = 46;
	objects = {

/* Begin PBXBuildFile section */
		603951CD196C5C5400CF6705 /* UIImageView+Extensions.m in Sources */ = {isa = PBXBuildFile; fileRef = 603951CC196C5C5400CF6705 /* UIImageView+Extensions.m */; };
		603951D0196CAFCF00CF6705 /* VZLyricView.m in Sources */ = {isa = PBXBuildFile; fileRef = 603951CF196CAFCF00CF6705 /* VZLyricView.m */; };
		603951D4196CB74500CF6705 /* MarqueeLabel.m in Sources */ = {isa = PBXBuildFile; fileRef = 603951D3196CB74500CF6705 /* MarqueeLabel.m */; };
		60D265861965A45300B8BD62 /* libiOSHierarchyViewer.a in Frameworks */ = {isa = PBXBuildFile; fileRef = 60D265831965A43500B8BD62 /* libiOSHierarchyViewer.a */; };
		60D2658F1965AC7800B8BD62 /* libfppopover.a in Frameworks */ = {isa = PBXBuildFile; fileRef = 60D2658C1965AC6B00B8BD62 /* libfppopover.a */; };
		60D265941965B78300B8BD62 /* VZPlayerViewController.m in Sources */ = {isa = PBXBuildFile; fileRef = 60D265931965B78300B8BD62 /* VZPlayerViewController.m */; };
		60D2659D196612BC00B8BD62 /* VZFileCacheManager.m in Sources */ = {isa = PBXBuildFile; fileRef = 60D2659C196612BC00B8BD62 /* VZFileCacheManager.m */; };
		60D265B719661A6F00B8BD62 /* NSData+Extensions.m in Sources */ = {isa = PBXBuildFile; fileRef = 60D265A919661A6F00B8BD62 /* NSData+Extensions.m */; };
		60D265B819661A6F00B8BD62 /* NSDictionary+Extensions.m in Sources */ = {isa = PBXBuildFile; fileRef = 60D265AB19661A6F00B8BD62 /* NSDictionary+Extensions.m */; };
		60D265B919661A6F00B8BD62 /* NSObject+Extensions.m in Sources */ = {isa = PBXBuildFile; fileRef = 60D265AD19661A6F00B8BD62 /* NSObject+Extensions.m */; };
		60D265BA19661A6F00B8BD62 /* NSString+Extensions.m in Sources */ = {isa = PBXBuildFile; fileRef = 60D265AF19661A6F00B8BD62 /* NSString+Extensions.m */; };
		60D265BB19661A6F00B8BD62 /* UIColor+Extensions.m in Sources */ = {isa = PBXBuildFile; fileRef = 60D265B119661A6F00B8BD62 /* UIColor+Extensions.m */; };
		60D265BC19661A6F00B8BD62 /* UIView+Extensions.m in Sources */ = {isa = PBXBuildFile; fileRef = 60D265B319661A6F00B8BD62 /* UIView+Extensions.m */; };
		60D265BD19661A6F00B8BD62 /* MBProgressHUD.m in Sources */ = {isa = PBXBuildFile; fileRef = 60D265B619661A6F00B8BD62 /* MBProgressHUD.m */; };
		60D265C0196621B000B8BD62 /* VZBack.png in Resources */ = {isa = PBXBuildFile; fileRef = 60D265BE196621B000B8BD62 /* VZBack.png */; };
		60D265C1196621B000B8BD62 /* VZBack@2x.png in Resources */ = {isa = PBXBuildFile; fileRef = 60D265BF196621B000B8BD62 /* VZBack@2x.png */; };
		60D265EE1967073700B8BD62 /* VZAdd.png in Resources */ = {isa = PBXBuildFile; fileRef = 60D265C41967073700B8BD62 /* VZAdd.png */; };
		60D265EF1967073700B8BD62 /* VZAdd@2x.png in Resources */ = {isa = PBXBuildFile; fileRef = 60D265C51967073700B8BD62 /* VZAdd@2x.png */; };
		60D265F01967073700B8BD62 /* VZCamera.png in Resources */ = {isa = PBXBuildFile; fileRef = 60D265C61967073700B8BD62 /* VZCamera.png */; };
		60D265F11967073700B8BD62 /* VZCamera@2x.png in Resources */ = {isa = PBXBuildFile; fileRef = 60D265C71967073700B8BD62 /* VZCamera@2x.png */; };
		60D265F21967073700B8BD62 /* VZCircle.png in Resources */ = {isa = PBXBuildFile; fileRef = 60D265C81967073700B8BD62 /* VZCircle.png */; };
		60D265F31967073700B8BD62 /* VZCircle@2x.png in Resources */ = {isa = PBXBuildFile; fileRef = 60D265C91967073700B8BD62 /* VZCircle@2x.png */; };
		60D265F41967073700B8BD62 /* VZDown.png in Resources */ = {isa = PBXBuildFile; fileRef = 60D265CA1967073700B8BD62 /* VZDown.png */; };
		60D265F51967073700B8BD62 /* VZDown@2x.png in Resources */ = {isa = PBXBuildFile; fileRef = 60D265CB1967073700B8BD62 /* VZDown@2x.png */; };
		60D265F61967073700B8BD62 /* VZInfo.png in Resources */ = {isa = PBXBuildFile; fileRef = 60D265CC1967073700B8BD62 /* VZInfo.png */; };
		60D265F71967073700B8BD62 /* VZInfo@2x.png in Resources */ = {isa = PBXBuildFile; fileRef = 60D265CD1967073700B8BD62 /* VZInfo@2x.png */; };
		60D265F81967073700B8BD62 /* VZMinus.png in Resources */ = {isa = PBXBuildFile; fileRef = 60D265CE1967073700B8BD62 /* VZMinus.png */; };
		60D265F91967073700B8BD62 /* VZMinus@2x.png in Resources */ = {isa = PBXBuildFile; fileRef = 60D265CF1967073700B8BD62 /* VZMinus@2x.png */; };
		60D265FA1967073700B8BD62 /* VZMute.png in Resources */ = {isa = PBXBuildFile; fileRef = 60D265D01967073700B8BD62 /* VZMute.png */; };
		60D265FB1967073700B8BD62 /* VZMute@2x.png in Resources */ = {isa = PBXBuildFile; fileRef = 60D265D11967073700B8BD62 /* VZMute@2x.png */; };
		60D265FC1967073700B8BD62 /* VZPeople.png in Resources */ = {isa = PBXBuildFile; fileRef = 60D265D21967073700B8BD62 /* VZPeople.png */; };
		60D265FD1967073700B8BD62 /* VZPeople@2x.png in Resources */ = {isa = PBXBuildFile; fileRef = 60D265D31967073700B8BD62 /* VZPeople@2x.png */; };
		60D265FE1967073700B8BD62 /* VZRight.png in Resources */ = {isa = PBXBuildFile; fileRef = 60D265D41967073700B8BD62 /* VZRight.png */; };
		60D265FF1967073700B8BD62 /* VZRight@2x.png in Resources */ = {isa = PBXBuildFile; fileRef = 60D265D51967073700B8BD62 /* VZRight@2x.png */; };
		60D266001967073700B8BD62 /* VZSearch.png in Resources */ = {isa = PBXBuildFile; fileRef = 60D265D61967073700B8BD62 /* VZSearch.png */; };
		60D266011967073700B8BD62 /* VZSearch@2x.png in Resources */ = {isa = PBXBuildFile; fileRef = 60D265D71967073700B8BD62 /* VZSearch@2x.png */; };
		60D266021967073700B8BD62 /* VZSound.png in Resources */ = {isa = PBXBuildFile; fileRef = 60D265D81967073700B8BD62 /* VZSound.png */; };
		60D266031967073700B8BD62 /* VZSound@2x.png in Resources */ = {isa = PBXBuildFile; fileRef = 60D265D91967073700B8BD62 /* VZSound@2x.png */; };
		60D266041967073700B8BD62 /* VZStar.png in Resources */ = {isa = PBXBuildFile; fileRef = 60D265DA1967073700B8BD62 /* VZStar.png */; };
		60D266051967073700B8BD62 /* VZStar@2x.png in Resources */ = {isa = PBXBuildFile; fileRef = 60D265DB1967073700B8BD62 /* VZStar@2x.png */; };
		60D266061967073700B8BD62 /* VZTabAccount.png in Resources */ = {isa = PBXBuildFile; fileRef = 60D265DC1967073700B8BD62 /* VZTabAccount.png */; };
		60D266071967073700B8BD62 /* VZTabAccount@2x.png in Resources */ = {isa = PBXBuildFile; fileRef = 60D265DD1967073700B8BD62 /* VZTabAccount@2x.png */; };
		60D266081967073700B8BD62 /* VZUp.png in Resources */ = {isa = PBXBuildFile; fileRef = 60D265DE1967073700B8BD62 /* VZUp.png */; };
		60D266091967073700B8BD62 /* VZUp@2x.png in Resources */ = {isa = PBXBuildFile; fileRef = 60D265DF1967073700B8BD62 /* VZUp@2x.png */; };
		60D266181967075800B8BD62 /* Player.xib in Resources */ = {isa = PBXBuildFile; fileRef = 60D266171967075800B8BD62 /* Player.xib */; };
		60D2661B1967097F00B8BD62 /* VZPlay.png in Resources */ = {isa = PBXBuildFile; fileRef = 60D266191967097F00B8BD62 /* VZPlay.png */; };
		60D2661C1967097F00B8BD62 /* VZPlay@2x.png in Resources */ = {isa = PBXBuildFile; fileRef = 60D2661A1967097F00B8BD62 /* VZPlay@2x.png */; };
		60D2663119670BDD00B8BD62 /* VZAirPlay.png in Resources */ = {isa = PBXBuildFile; fileRef = 60D2661D19670BDD00B8BD62 /* VZAirPlay.png */; };
		60D2663219670BDD00B8BD62 /* VZAirPlay@2x.png in Resources */ = {isa = PBXBuildFile; fileRef = 60D2661E19670BDD00B8BD62 /* VZAirPlay@2x.png */; };
		60D2663319670BDD00B8BD62 /* VZCheck.png in Resources */ = {isa = PBXBuildFile; fileRef = 60D2661F19670BDD00B8BD62 /* VZCheck.png */; };
		60D2663419670BDD00B8BD62 /* VZCheck@2x.png in Resources */ = {isa = PBXBuildFile; fileRef = 60D2662019670BDD00B8BD62 /* VZCheck@2x.png */; };
		60D2663519670BDD00B8BD62 /* VZHeart.png in Resources */ = {isa = PBXBuildFile; fileRef = 60D2662119670BDD00B8BD62 /* VZHeart.png */; };
		60D2663619670BDD00B8BD62 /* VZHeart@2x.png in Resources */ = {isa = PBXBuildFile; fileRef = 60D2662219670BDD00B8BD62 /* VZHeart@2x.png */; };
		60D2663719670BDD00B8BD62 /* VZHome.png in Resources */ = {isa = PBXBuildFile; fileRef = 60D2662319670BDD00B8BD62 /* VZHome.png */; };
		60D2663819670BDD00B8BD62 /* VZHome@2x.png in Resources */ = {isa = PBXBuildFile; fileRef = 60D2662419670BDD00B8BD62 /* VZHome@2x.png */; };
		60D2663919670BDD00B8BD62 /* VZImagePlaceholder.png in Resources */ = {isa = PBXBuildFile; fileRef = 60D2662519670BDD00B8BD62 /* VZImagePlaceholder.png */; };
		60D2663A19670BDD00B8BD62 /* VZImagePlaceholder@2x.png in Resources */ = {isa = PBXBuildFile; fileRef = 60D2662619670BDD00B8BD62 /* VZImagePlaceholder@2x.png */; };
		60D2663B19670BDD00B8BD62 /* VZLoop.png in Resources */ = {isa = PBXBuildFile; fileRef = 60D2662719670BDD00B8BD62 /* VZLoop.png */; };
		60D2663C19670BDD00B8BD62 /* VZLoop@2x.png in Resources */ = {isa = PBXBuildFile; fileRef = 60D2662819670BDD00B8BD62 /* VZLoop@2x.png */; };
		60D2663D19670BDD00B8BD62 /* VZMusicList.png in Resources */ = {isa = PBXBuildFile; fileRef = 60D2662919670BDD00B8BD62 /* VZMusicList.png */; };
		60D2663E19670BDD00B8BD62 /* VZMusicList@2x.png in Resources */ = {isa = PBXBuildFile; fileRef = 60D2662A19670BDD00B8BD62 /* VZMusicList@2x.png */; };
		60D2663F19670BDD00B8BD62 /* VZRandomLoop.png in Resources */ = {isa = PBXBuildFile; fileRef = 60D2662B19670BDD00B8BD62 /* VZRandomLoop.png */; };
		60D2664019670BDD00B8BD62 /* VZRandomLoop@2x.png in Resources */ = {isa = PBXBuildFile; fileRef = 60D2662C19670BDD00B8BD62 /* VZRandomLoop@2x.png */; };
		60D2664119670BDD00B8BD62 /* VZToEnd.png in Resources */ = {isa = PBXBuildFile; fileRef = 60D2662D19670BDD00B8BD62 /* VZToEnd.png */; };
		60D2664219670BDD00B8BD62 /* VZToEnd@2x.png in Resources */ = {isa = PBXBuildFile; fileRef = 60D2662E19670BDD00B8BD62 /* VZToEnd@2x.png */; };
		60D2664319670BDD00B8BD62 /* VZToStart.png in Resources */ = {isa = PBXBuildFile; fileRef = 60D2662F19670BDD00B8BD62 /* VZToStart.png */; };
		60D2664419670BDD00B8BD62 /* VZToStart@2x.png in Resources */ = {isa = PBXBuildFile; fileRef = 60D2663019670BDD00B8BD62 /* VZToStart@2x.png */; };
		60D26646196778CC00B8BD62 /* love.html in Resources */ = {isa = PBXBuildFile; fileRef = 60D26645196778CC00B8BD62 /* love.html */; };
		60D26655196AFC6B00B8BD62 /* GDataXMLNode.m in Sources */ = {isa = PBXBuildFile; fileRef = 60D26654196AFC6B00B8BD62 /* GDataXMLNode.m */; };
		60DBBD28196C55DE004F8114 /* RRSGlowLabel.m in Sources */ = {isa = PBXBuildFile; fileRef = 60DBBD27196C55DE004F8114 /* RRSGlowLabel.m */; };
		925BD6921966696A00ED657B /* UIDevice+Extensions.m in Sources */ = {isa = PBXBuildFile; fileRef = 925BD6911966696A00ED657B /* UIDevice+Extensions.m */; };
		927F8D8F19668D62007439F7 /* VZAudioPlayerView.m in Sources */ = {isa = PBXBuildFile; fileRef = 927F8D8E19668D62007439F7 /* VZAudioPlayerView.m */; };
		927F8D921966934A007439F7 /* VZTheme.m in Sources */ = {isa = PBXBuildFile; fileRef = 927F8D911966934A007439F7 /* VZTheme.m */; };
		929A58B419653286007F2327 /* libxml2.dylib in Frameworks */ = {isa = PBXBuildFile; fileRef = 929A58B319653286007F2327 /* libxml2.dylib */; };
		929A58CD196536E0007F2327 /* index.html in Resources */ = {isa = PBXBuildFile; fileRef = 929A58C0196536E0007F2327 /* index.html */; };
		929A58CF196536E0007F2327 /* search.html in Resources */ = {isa = PBXBuildFile; fileRef = 929A58C2196536E0007F2327 /* search.html */; };
		92E751F31964FD0700F831F3 /* Foundation.framework in Frameworks */ = {isa = PBXBuildFile; fileRef = 929CB67D193EC4ED0016820F /* Foundation.framework */; };
		92E751F41964FD0700F831F3 /* CoreGraphics.framework in Frameworks */ = {isa = PBXBuildFile; fileRef = 929CB67F193EC4ED0016820F /* CoreGraphics.framework */; };
		92E751F51964FD0700F831F3 /* UIKit.framework in Frameworks */ = {isa = PBXBuildFile; fileRef = 929CB681193EC4ED0016820F /* UIKit.framework */; };
		92E751FB1964FD0700F831F3 /* InfoPlist.strings in Resources */ = {isa = PBXBuildFile; fileRef = 92E751F91964FD0700F831F3 /* InfoPlist.strings */; };
		92E751FD1964FD0700F831F3 /* main.m in Sources */ = {isa = PBXBuildFile; fileRef = 92E751FC1964FD0700F831F3 /* main.m */; };
		92E752011964FD0700F831F3 /* VZAppDelegate.m in Sources */ = {isa = PBXBuildFile; fileRef = 92E752001964FD0700F831F3 /* VZAppDelegate.m */; };
		92E7520C1964FD0700F831F3 /* Images.xcassets in Resources */ = {isa = PBXBuildFile; fileRef = 92E7520B1964FD0700F831F3 /* Images.xcassets */; };
		92E752391964FD8B00F831F3 /* VZBaseViewController.m in Sources */ = {isa = PBXBuildFile; fileRef = 92E752271964FD8B00F831F3 /* VZBaseViewController.m */; };
		92E7523B1964FD8B00F831F3 /* VZPreferencesViewController.m in Sources */ = {isa = PBXBuildFile; fileRef = 92E7522C1964FD8B00F831F3 /* VZPreferencesViewController.m */; };
		92E7523C1964FD8B00F831F3 /* VZRootViewController.m in Sources */ = {isa = PBXBuildFile; fileRef = 92E7522E1964FD8B00F831F3 /* VZRootViewController.m */; };
		92E7523D1964FD8B00F831F3 /* VZSearchViewController.m in Sources */ = {isa = PBXBuildFile; fileRef = 92E752301964FD8B00F831F3 /* VZSearchViewController.m */; };
		92E7523E1964FD8B00F831F3 /* VZSongsViewController.m in Sources */ = {isa = PBXBuildFile; fileRef = 92E752321964FD8B00F831F3 /* VZSongsViewController.m */; };
		92E7523F1964FD8B00F831F3 /* VZURLManager.m in Sources */ = {isa = PBXBuildFile; fileRef = 92E752341964FD8B00F831F3 /* VZURLManager.m */; };
		92E752401964FD8B00F831F3 /* VZDataService.m in Sources */ = {isa = PBXBuildFile; fileRef = 92E752361964FD8B00F831F3 /* VZDataService.m */; };
		92E752411964FD8B00F831F3 /* VZViewService.m in Sources */ = {isa = PBXBuildFile; fileRef = 92E752381964FD8B00F831F3 /* VZViewService.m */; };
		92E7524A1964FDB800F831F3 /* VZTabMe.png in Resources */ = {isa = PBXBuildFile; fileRef = 92E752441964FDB800F831F3 /* VZTabMe.png */; };
		92E7524B1964FDB800F831F3 /* VZTabMe@2x.png in Resources */ = {isa = PBXBuildFile; fileRef = 92E752451964FDB800F831F3 /* VZTabMe@2x.png */; };
		92E7524E1964FDB800F831F3 /* VZTabSongs.png in Resources */ = {isa = PBXBuildFile; fileRef = 92E752481964FDB800F831F3 /* VZTabSongs.png */; };
		92E7524F1964FDB800F831F3 /* VZTabSongs@2x.png in Resources */ = {isa = PBXBuildFile; fileRef = 92E752491964FDB800F831F3 /* VZTabSongs@2x.png */; };
		92E752651964FDC000F831F3 /* AFHTTPRequestOperation.m in Sources */ = {isa = PBXBuildFile; fileRef = 92E752531964FDC000F831F3 /* AFHTTPRequestOperation.m */; };
		92E752661964FDC000F831F3 /* AFHTTPRequestOperationManager.m in Sources */ = {isa = PBXBuildFile; fileRef = 92E752551964FDC000F831F3 /* AFHTTPRequestOperationManager.m */; };
		92E752671964FDC000F831F3 /* AFHTTPSessionManager.m in Sources */ = {isa = PBXBuildFile; fileRef = 92E752571964FDC000F831F3 /* AFHTTPSessionManager.m */; };
		92E752681964FDC000F831F3 /* AFNetworkReachabilityManager.m in Sources */ = {isa = PBXBuildFile; fileRef = 92E7525A1964FDC000F831F3 /* AFNetworkReachabilityManager.m */; };
		92E752691964FDC000F831F3 /* AFSecurityPolicy.m in Sources */ = {isa = PBXBuildFile; fileRef = 92E7525C1964FDC000F831F3 /* AFSecurityPolicy.m */; };
		92E7526A1964FDC000F831F3 /* AFURLConnectionOperation.m in Sources */ = {isa = PBXBuildFile; fileRef = 92E7525E1964FDC000F831F3 /* AFURLConnectionOperation.m */; };
		92E7526B1964FDC000F831F3 /* AFURLRequestSerialization.m in Sources */ = {isa = PBXBuildFile; fileRef = 92E752601964FDC000F831F3 /* AFURLRequestSerialization.m */; };
		92E7526C1964FDC000F831F3 /* AFURLResponseSerialization.m in Sources */ = {isa = PBXBuildFile; fileRef = 92E752621964FDC000F831F3 /* AFURLResponseSerialization.m */; };
		92E7526D1964FDC000F831F3 /* AFURLSessionManager.m in Sources */ = {isa = PBXBuildFile; fileRef = 92E752641964FDC000F831F3 /* AFURLSessionManager.m */; };
		92E752731964FDDB00F831F3 /* VZKeys.m in Sources */ = {isa = PBXBuildFile; fileRef = 92E752721964FDDB00F831F3 /* VZKeys.m */; };
/* End PBXBuildFile section */

/* Begin PBXContainerItemProxy section */
		60D265821965A43500B8BD62 /* PBXContainerItemProxy */ = {
			isa = PBXContainerItemProxy;
			containerPortal = 60D2657E1965A43500B8BD62 /* iOSHierarchyViewer.xcodeproj */;
			proxyType = 2;
			remoteGlobalIDString = 7C861E34153DF2E000935C95;
			remoteInfo = iOSHierarchyViewer;
		};
		60D265841965A44C00B8BD62 /* PBXContainerItemProxy */ = {
			isa = PBXContainerItemProxy;
			containerPortal = 60D2657E1965A43500B8BD62 /* iOSHierarchyViewer.xcodeproj */;
			proxyType = 1;
			remoteGlobalIDString = 7C861E33153DF2E000935C95;
			remoteInfo = iOSHierarchyViewer;
		};
		60D2658B1965AC6B00B8BD62 /* PBXContainerItemProxy */ = {
			isa = PBXContainerItemProxy;
			containerPortal = 60D265871965AC6B00B8BD62 /* FPPopoverDemo.xcodeproj */;
			proxyType = 2;
			remoteGlobalIDString = 18D8FA30155050F0005E2222;
			remoteInfo = fppopover;
		};
		60D2658D1965AC7200B8BD62 /* PBXContainerItemProxy */ = {
			isa = PBXContainerItemProxy;
			containerPortal = 60D265871965AC6B00B8BD62 /* FPPopoverDemo.xcodeproj */;
			proxyType = 1;
			remoteGlobalIDString = 18D8FA2F155050F0005E2222;
			remoteInfo = fppopover;
		};
/* End PBXContainerItemProxy section */

/* Begin PBXFileReference section */
		603951CB196C5C5400CF6705 /* UIImageView+Extensions.h */ = {isa = PBXFileReference; fileEncoding = 4; lastKnownFileType = sourcecode.c.h; path = "UIImageView+Extensions.h"; sourceTree = "<group>"; };
		603951CC196C5C5400CF6705 /* UIImageView+Extensions.m */ = {isa = PBXFileReference; fileEncoding = 4; lastKnownFileType = sourcecode.c.objc; path = "UIImageView+Extensions.m"; sourceTree = "<group>"; };
		603951CE196CAFCF00CF6705 /* VZLyricView.h */ = {isa = PBXFileReference; fileEncoding = 4; lastKnownFileType = sourcecode.c.h; name = VZLyricView.h; path = ../VZLyricView.h; sourceTree = "<group>"; };
		603951CF196CAFCF00CF6705 /* VZLyricView.m */ = {isa = PBXFileReference; fileEncoding = 4; lastKnownFileType = sourcecode.c.objc; name = VZLyricView.m; path = ../VZLyricView.m; sourceTree = "<group>"; };
		603951D2196CB74500CF6705 /* MarqueeLabel.h */ = {isa = PBXFileReference; fileEncoding = 4; lastKnownFileType = sourcecode.c.h; path = MarqueeLabel.h; sourceTree = "<group>"; };
		603951D3196CB74500CF6705 /* MarqueeLabel.m */ = {isa = PBXFileReference; fileEncoding = 4; lastKnownFileType = sourcecode.c.objc; path = MarqueeLabel.m; sourceTree = "<group>"; };
		60D2657E1965A43500B8BD62 /* iOSHierarchyViewer.xcodeproj */ = {isa = PBXFileReference; lastKnownFileType = "wrapper.pb-project"; name = iOSHierarchyViewer.xcodeproj; path = "iOS-Hierarchy-Viewer/iOSHierarchyViewer.xcodeproj"; sourceTree = "<group>"; };
		60D265871965AC6B00B8BD62 /* FPPopoverDemo.xcodeproj */ = {isa = PBXFileReference; lastKnownFileType = "wrapper.pb-project"; name = FPPopoverDemo.xcodeproj; path = Popover/FPPopoverDemo.xcodeproj; sourceTree = "<group>"; };
		60D265921965B78300B8BD62 /* VZPlayerViewController.h */ = {isa = PBXFileReference; fileEncoding = 4; lastKnownFileType = sourcecode.c.h; path = VZPlayerViewController.h; sourceTree = "<group>"; };
		60D265931965B78300B8BD62 /* VZPlayerViewController.m */ = {isa = PBXFileReference; fileEncoding = 4; lastKnownFileType = sourcecode.c.objc; path = VZPlayerViewController.m; sourceTree = "<group>"; };
		60D2659B196612BC00B8BD62 /* VZFileCacheManager.h */ = {isa = PBXFileReference; fileEncoding = 4; lastKnownFileType = sourcecode.c.h; path = VZFileCacheManager.h; sourceTree = "<group>"; };
		60D2659C196612BC00B8BD62 /* VZFileCacheManager.m */ = {isa = PBXFileReference; fileEncoding = 4; lastKnownFileType = sourcecode.c.objc; path = VZFileCacheManager.m; sourceTree = "<group>"; };
		60D265A819661A6F00B8BD62 /* NSData+Extensions.h */ = {isa = PBXFileReference; fileEncoding = 4; lastKnownFileType = sourcecode.c.h; path = "NSData+Extensions.h"; sourceTree = "<group>"; };
		60D265A919661A6F00B8BD62 /* NSData+Extensions.m */ = {isa = PBXFileReference; fileEncoding = 4; lastKnownFileType = sourcecode.c.objc; path = "NSData+Extensions.m"; sourceTree = "<group>"; };
		60D265AA19661A6F00B8BD62 /* NSDictionary+Extensions.h */ = {isa = PBXFileReference; fileEncoding = 4; lastKnownFileType = sourcecode.c.h; path = "NSDictionary+Extensions.h"; sourceTree = "<group>"; };
		60D265AB19661A6F00B8BD62 /* NSDictionary+Extensions.m */ = {isa = PBXFileReference; fileEncoding = 4; lastKnownFileType = sourcecode.c.objc; path = "NSDictionary+Extensions.m"; sourceTree = "<group>"; };
		60D265AC19661A6F00B8BD62 /* NSObject+Extensions.h */ = {isa = PBXFileReference; fileEncoding = 4; lastKnownFileType = sourcecode.c.h; path = "NSObject+Extensions.h"; sourceTree = "<group>"; };
		60D265AD19661A6F00B8BD62 /* NSObject+Extensions.m */ = {isa = PBXFileReference; fileEncoding = 4; lastKnownFileType = sourcecode.c.objc; path = "NSObject+Extensions.m"; sourceTree = "<group>"; };
		60D265AE19661A6F00B8BD62 /* NSString+Extensions.h */ = {isa = PBXFileReference; fileEncoding = 4; lastKnownFileType = sourcecode.c.h; path = "NSString+Extensions.h"; sourceTree = "<group>"; };
		60D265AF19661A6F00B8BD62 /* NSString+Extensions.m */ = {isa = PBXFileReference; fileEncoding = 4; lastKnownFileType = sourcecode.c.objc; path = "NSString+Extensions.m"; sourceTree = "<group>"; };
		60D265B019661A6F00B8BD62 /* UIColor+Extensions.h */ = {isa = PBXFileReference; fileEncoding = 4; lastKnownFileType = sourcecode.c.h; path = "UIColor+Extensions.h"; sourceTree = "<group>"; };
		60D265B119661A6F00B8BD62 /* UIColor+Extensions.m */ = {isa = PBXFileReference; fileEncoding = 4; lastKnownFileType = sourcecode.c.objc; path = "UIColor+Extensions.m"; sourceTree = "<group>"; };
		60D265B219661A6F00B8BD62 /* UIView+Extensions.h */ = {isa = PBXFileReference; fileEncoding = 4; lastKnownFileType = sourcecode.c.h; path = "UIView+Extensions.h"; sourceTree = "<group>"; };
		60D265B319661A6F00B8BD62 /* UIView+Extensions.m */ = {isa = PBXFileReference; fileEncoding = 4; lastKnownFileType = sourcecode.c.objc; path = "UIView+Extensions.m"; sourceTree = "<group>"; };
		60D265B519661A6F00B8BD62 /* MBProgressHUD.h */ = {isa = PBXFileReference; fileEncoding = 4; lastKnownFileType = sourcecode.c.h; path = MBProgressHUD.h; sourceTree = "<group>"; };
		60D265B619661A6F00B8BD62 /* MBProgressHUD.m */ = {isa = PBXFileReference; fileEncoding = 4; lastKnownFileType = sourcecode.c.objc; path = MBProgressHUD.m; sourceTree = "<group>"; };
		60D265BE196621B000B8BD62 /* VZBack.png */ = {isa = PBXFileReference; lastKnownFileType = image.png; path = VZBack.png; sourceTree = "<group>"; };
		60D265BF196621B000B8BD62 /* VZBack@2x.png */ = {isa = PBXFileReference; lastKnownFileType = image.png; path = "VZBack@2x.png"; sourceTree = "<group>"; };
		60D265C41967073700B8BD62 /* VZAdd.png */ = {isa = PBXFileReference; lastKnownFileType = image.png; path = VZAdd.png; sourceTree = "<group>"; };
		60D265C51967073700B8BD62 /* VZAdd@2x.png */ = {isa = PBXFileReference; lastKnownFileType = image.png; path = "VZAdd@2x.png"; sourceTree = "<group>"; };
		60D265C61967073700B8BD62 /* VZCamera.png */ = {isa = PBXFileReference; lastKnownFileType = image.png; path = VZCamera.png; sourceTree = "<group>"; };
		60D265C71967073700B8BD62 /* VZCamera@2x.png */ = {isa = PBXFileReference; lastKnownFileType = image.png; path = "VZCamera@2x.png"; sourceTree = "<group>"; };
		60D265C81967073700B8BD62 /* VZCircle.png */ = {isa = PBXFileReference; lastKnownFileType = image.png; path = VZCircle.png; sourceTree = "<group>"; };
		60D265C91967073700B8BD62 /* VZCircle@2x.png */ = {isa = PBXFileReference; lastKnownFileType = image.png; path = "VZCircle@2x.png"; sourceTree = "<group>"; };
		60D265CA1967073700B8BD62 /* VZDown.png */ = {isa = PBXFileReference; lastKnownFileType = image.png; path = VZDown.png; sourceTree = "<group>"; };
		60D265CB1967073700B8BD62 /* VZDown@2x.png */ = {isa = PBXFileReference; lastKnownFileType = image.png; path = "VZDown@2x.png"; sourceTree = "<group>"; };
		60D265CC1967073700B8BD62 /* VZInfo.png */ = {isa = PBXFileReference; lastKnownFileType = image.png; path = VZInfo.png; sourceTree = "<group>"; };
		60D265CD1967073700B8BD62 /* VZInfo@2x.png */ = {isa = PBXFileReference; lastKnownFileType = image.png; path = "VZInfo@2x.png"; sourceTree = "<group>"; };
		60D265CE1967073700B8BD62 /* VZMinus.png */ = {isa = PBXFileReference; lastKnownFileType = image.png; path = VZMinus.png; sourceTree = "<group>"; };
		60D265CF1967073700B8BD62 /* VZMinus@2x.png */ = {isa = PBXFileReference; lastKnownFileType = image.png; path = "VZMinus@2x.png"; sourceTree = "<group>"; };
		60D265D01967073700B8BD62 /* VZMute.png */ = {isa = PBXFileReference; lastKnownFileType = image.png; path = VZMute.png; sourceTree = "<group>"; };
		60D265D11967073700B8BD62 /* VZMute@2x.png */ = {isa = PBXFileReference; lastKnownFileType = image.png; path = "VZMute@2x.png"; sourceTree = "<group>"; };
		60D265D21967073700B8BD62 /* VZPeople.png */ = {isa = PBXFileReference; lastKnownFileType = image.png; path = VZPeople.png; sourceTree = "<group>"; };
		60D265D31967073700B8BD62 /* VZPeople@2x.png */ = {isa = PBXFileReference; lastKnownFileType = image.png; path = "VZPeople@2x.png"; sourceTree = "<group>"; };
		60D265D41967073700B8BD62 /* VZRight.png */ = {isa = PBXFileReference; lastKnownFileType = image.png; path = VZRight.png; sourceTree = "<group>"; };
		60D265D51967073700B8BD62 /* VZRight@2x.png */ = {isa = PBXFileReference; lastKnownFileType = image.png; path = "VZRight@2x.png"; sourceTree = "<group>"; };
		60D265D61967073700B8BD62 /* VZSearch.png */ = {isa = PBXFileReference; lastKnownFileType = image.png; path = VZSearch.png; sourceTree = "<group>"; };
		60D265D71967073700B8BD62 /* VZSearch@2x.png */ = {isa = PBXFileReference; lastKnownFileType = image.png; path = "VZSearch@2x.png"; sourceTree = "<group>"; };
		60D265D81967073700B8BD62 /* VZSound.png */ = {isa = PBXFileReference; lastKnownFileType = image.png; path = VZSound.png; sourceTree = "<group>"; };
		60D265D91967073700B8BD62 /* VZSound@2x.png */ = {isa = PBXFileReference; lastKnownFileType = image.png; path = "VZSound@2x.png"; sourceTree = "<group>"; };
		60D265DA1967073700B8BD62 /* VZStar.png */ = {isa = PBXFileReference; lastKnownFileType = image.png; path = VZStar.png; sourceTree = "<group>"; };
		60D265DB1967073700B8BD62 /* VZStar@2x.png */ = {isa = PBXFileReference; lastKnownFileType = image.png; path = "VZStar@2x.png"; sourceTree = "<group>"; };
		60D265DC1967073700B8BD62 /* VZTabAccount.png */ = {isa = PBXFileReference; lastKnownFileType = image.png; path = VZTabAccount.png; sourceTree = "<group>"; };
		60D265DD1967073700B8BD62 /* VZTabAccount@2x.png */ = {isa = PBXFileReference; lastKnownFileType = image.png; path = "VZTabAccount@2x.png"; sourceTree = "<group>"; };
		60D265DE1967073700B8BD62 /* VZUp.png */ = {isa = PBXFileReference; lastKnownFileType = image.png; path = VZUp.png; sourceTree = "<group>"; };
		60D265DF1967073700B8BD62 /* VZUp@2x.png */ = {isa = PBXFileReference; lastKnownFileType = image.png; path = "VZUp@2x.png"; sourceTree = "<group>"; };
		60D266171967075800B8BD62 /* Player.xib */ = {isa = PBXFileReference; fileEncoding = 4; lastKnownFileType = file.xib; path = Player.xib; sourceTree = "<group>"; };
		60D266191967097F00B8BD62 /* VZPlay.png */ = {isa = PBXFileReference; lastKnownFileType = image.png; path = VZPlay.png; sourceTree = "<group>"; };
		60D2661A1967097F00B8BD62 /* VZPlay@2x.png */ = {isa = PBXFileReference; lastKnownFileType = image.png; path = "VZPlay@2x.png"; sourceTree = "<group>"; };
		60D2661D19670BDD00B8BD62 /* VZAirPlay.png */ = {isa = PBXFileReference; lastKnownFileType = image.png; path = VZAirPlay.png; sourceTree = "<group>"; };
		60D2661E19670BDD00B8BD62 /* VZAirPlay@2x.png */ = {isa = PBXFileReference; lastKnownFileType = image.png; path = "VZAirPlay@2x.png"; sourceTree = "<group>"; };
		60D2661F19670BDD00B8BD62 /* VZCheck.png */ = {isa = PBXFileReference; lastKnownFileType = image.png; path = VZCheck.png; sourceTree = "<group>"; };
		60D2662019670BDD00B8BD62 /* VZCheck@2x.png */ = {isa = PBXFileReference; lastKnownFileType = image.png; path = "VZCheck@2x.png"; sourceTree = "<group>"; };
		60D2662119670BDD00B8BD62 /* VZHeart.png */ = {isa = PBXFileReference; lastKnownFileType = image.png; path = VZHeart.png; sourceTree = "<group>"; };
		60D2662219670BDD00B8BD62 /* VZHeart@2x.png */ = {isa = PBXFileReference; lastKnownFileType = image.png; path = "VZHeart@2x.png"; sourceTree = "<group>"; };
		60D2662319670BDD00B8BD62 /* VZHome.png */ = {isa = PBXFileReference; lastKnownFileType = image.png; path = VZHome.png; sourceTree = "<group>"; };
		60D2662419670BDD00B8BD62 /* VZHome@2x.png */ = {isa = PBXFileReference; lastKnownFileType = image.png; path = "VZHome@2x.png"; sourceTree = "<group>"; };
		60D2662519670BDD00B8BD62 /* VZImagePlaceholder.png */ = {isa = PBXFileReference; lastKnownFileType = image.png; path = VZImagePlaceholder.png; sourceTree = "<group>"; };
		60D2662619670BDD00B8BD62 /* VZImagePlaceholder@2x.png */ = {isa = PBXFileReference; lastKnownFileType = image.png; path = "VZImagePlaceholder@2x.png"; sourceTree = "<group>"; };
		60D2662719670BDD00B8BD62 /* VZLoop.png */ = {isa = PBXFileReference; lastKnownFileType = image.png; path = VZLoop.png; sourceTree = "<group>"; };
		60D2662819670BDD00B8BD62 /* VZLoop@2x.png */ = {isa = PBXFileReference; lastKnownFileType = image.png; path = "VZLoop@2x.png"; sourceTree = "<group>"; };
		60D2662919670BDD00B8BD62 /* VZMusicList.png */ = {isa = PBXFileReference; lastKnownFileType = image.png; path = VZMusicList.png; sourceTree = "<group>"; };
		60D2662A19670BDD00B8BD62 /* VZMusicList@2x.png */ = {isa = PBXFileReference; lastKnownFileType = image.png; path = "VZMusicList@2x.png"; sourceTree = "<group>"; };
		60D2662B19670BDD00B8BD62 /* VZRandomLoop.png */ = {isa = PBXFileReference; lastKnownFileType = image.png; path = VZRandomLoop.png; sourceTree = "<group>"; };
		60D2662C19670BDD00B8BD62 /* VZRandomLoop@2x.png */ = {isa = PBXFileReference; lastKnownFileType = image.png; path = "VZRandomLoop@2x.png"; sourceTree = "<group>"; };
		60D2662D19670BDD00B8BD62 /* VZToEnd.png */ = {isa = PBXFileReference; lastKnownFileType = image.png; path = VZToEnd.png; sourceTree = "<group>"; };
		60D2662E19670BDD00B8BD62 /* VZToEnd@2x.png */ = {isa = PBXFileReference; lastKnownFileType = image.png; path = "VZToEnd@2x.png"; sourceTree = "<group>"; };
		60D2662F19670BDD00B8BD62 /* VZToStart.png */ = {isa = PBXFileReference; lastKnownFileType = image.png; path = VZToStart.png; sourceTree = "<group>"; };
		60D2663019670BDD00B8BD62 /* VZToStart@2x.png */ = {isa = PBXFileReference; lastKnownFileType = image.png; path = "VZToStart@2x.png"; sourceTree = "<group>"; };
		60D26645196778CC00B8BD62 /* love.html */ = {isa = PBXFileReference; fileEncoding = 4; lastKnownFileType = text.html; path = love.html; sourceTree = "<group>"; };
		60D26653196AFC6B00B8BD62 /* GDataXMLNode.h */ = {isa = PBXFileReference; fileEncoding = 4; lastKnownFileType = sourcecode.c.h; path = GDataXMLNode.h; sourceTree = "<group>"; };
		60D26654196AFC6B00B8BD62 /* GDataXMLNode.m */ = {isa = PBXFileReference; fileEncoding = 4; lastKnownFileType = sourcecode.c.objc; path = GDataXMLNode.m; sourceTree = "<group>"; };
		60DBBD26196C55DE004F8114 /* RRSGlowLabel.h */ = {isa = PBXFileReference; fileEncoding = 4; lastKnownFileType = sourcecode.c.h; path = RRSGlowLabel.h; sourceTree = "<group>"; };
		60DBBD27196C55DE004F8114 /* RRSGlowLabel.m */ = {isa = PBXFileReference; fileEncoding = 4; lastKnownFileType = sourcecode.c.objc; path = RRSGlowLabel.m; sourceTree = "<group>"; };
		925BD6901966696A00ED657B /* UIDevice+Extensions.h */ = {isa = PBXFileReference; fileEncoding = 4; lastKnownFileType = sourcecode.c.h; path = "UIDevice+Extensions.h"; sourceTree = "<group>"; };
		925BD6911966696A00ED657B /* UIDevice+Extensions.m */ = {isa = PBXFileReference; fileEncoding = 4; lastKnownFileType = sourcecode.c.objc; path = "UIDevice+Extensions.m"; sourceTree = "<group>"; };
		927F8D8D19668D62007439F7 /* VZAudioPlayerView.h */ = {isa = PBXFileReference; fileEncoding = 4; lastKnownFileType = sourcecode.c.h; path = VZAudioPlayerView.h; sourceTree = "<group>"; };
		927F8D8E19668D62007439F7 /* VZAudioPlayerView.m */ = {isa = PBXFileReference; fileEncoding = 4; lastKnownFileType = sourcecode.c.objc; path = VZAudioPlayerView.m; sourceTree = "<group>"; };
		927F8D901966934A007439F7 /* VZTheme.h */ = {isa = PBXFileReference; fileEncoding = 4; lastKnownFileType = sourcecode.c.h; path = VZTheme.h; sourceTree = "<group>"; };
		927F8D911966934A007439F7 /* VZTheme.m */ = {isa = PBXFileReference; fileEncoding = 4; lastKnownFileType = sourcecode.c.objc; path = VZTheme.m; sourceTree = "<group>"; };
		929A58B319653286007F2327 /* libxml2.dylib */ = {isa = PBXFileReference; lastKnownFileType = "compiled.mach-o.dylib"; name = libxml2.dylib; path = usr/lib/libxml2.dylib; sourceTree = SDKROOT; };
		929A58B6196536E0007F2327 /* browse.js */ = {isa = PBXFileReference; fileEncoding = 4; lastKnownFileType = sourcecode.javascript; path = browse.js; sourceTree = "<group>"; };
		929A58B7196536E0007F2327 /* browse10.js */ = {isa = PBXFileReference; fileEncoding = 4; lastKnownFileType = sourcecode.javascript; path = browse10.js; sourceTree = "<group>"; };
		929A58B8196536E0007F2327 /* browse2.js */ = {isa = PBXFileReference; fileEncoding = 4; lastKnownFileType = sourcecode.javascript; path = browse2.js; sourceTree = "<group>"; };
		929A58B9196536E0007F2327 /* browse3.js */ = {isa = PBXFileReference; fileEncoding = 4; lastKnownFileType = sourcecode.javascript; path = browse3.js; sourceTree = "<group>"; };
		929A58BA196536E0007F2327 /* browse4.js */ = {isa = PBXFileReference; fileEncoding = 4; lastKnownFileType = sourcecode.javascript; path = browse4.js; sourceTree = "<group>"; };
		929A58BB196536E0007F2327 /* browse5.js */ = {isa = PBXFileReference; fileEncoding = 4; lastKnownFileType = sourcecode.javascript; path = browse5.js; sourceTree = "<group>"; };
		929A58BC196536E0007F2327 /* browse6.js */ = {isa = PBXFileReference; fileEncoding = 4; lastKnownFileType = sourcecode.javascript; path = browse6.js; sourceTree = "<group>"; };
		929A58BD196536E0007F2327 /* browse7.js */ = {isa = PBXFileReference; fileEncoding = 4; lastKnownFileType = sourcecode.javascript; path = browse7.js; sourceTree = "<group>"; };
		929A58BE196536E0007F2327 /* browse8.js */ = {isa = PBXFileReference; fileEncoding = 4; lastKnownFileType = sourcecode.javascript; path = browse8.js; sourceTree = "<group>"; };
		929A58BF196536E0007F2327 /* browse9.js */ = {isa = PBXFileReference; fileEncoding = 4; lastKnownFileType = sourcecode.javascript; path = browse9.js; sourceTree = "<group>"; };
		929A58C0196536E0007F2327 /* index.html */ = {isa = PBXFileReference; fileEncoding = 4; lastKnownFileType = text.html; path = index.html; sourceTree = "<group>"; };
		929A58C1196536E0007F2327 /* main.js */ = {isa = PBXFileReference; fileEncoding = 4; lastKnownFileType = sourcecode.javascript; path = main.js; sourceTree = "<group>"; };
		929A58C2196536E0007F2327 /* search.html */ = {isa = PBXFileReference; fileEncoding = 4; lastKnownFileType = text.html; path = search.html; sourceTree = "<group>"; };
		929CB67D193EC4ED0016820F /* Foundation.framework */ = {isa = PBXFileReference; lastKnownFileType = wrapper.framework; name = Foundation.framework; path = System/Library/Frameworks/Foundation.framework; sourceTree = SDKROOT; };
		929CB67F193EC4ED0016820F /* CoreGraphics.framework */ = {isa = PBXFileReference; lastKnownFileType = wrapper.framework; name = CoreGraphics.framework; path = System/Library/Frameworks/CoreGraphics.framework; sourceTree = SDKROOT; };
		929CB681193EC4ED0016820F /* UIKit.framework */ = {isa = PBXFileReference; lastKnownFileType = wrapper.framework; name = UIKit.framework; path = System/Library/Frameworks/UIKit.framework; sourceTree = SDKROOT; };
		929CB69F193EC4EF0016820F /* XCTest.framework */ = {isa = PBXFileReference; lastKnownFileType = wrapper.framework; name = XCTest.framework; path = Library/Frameworks/XCTest.framework; sourceTree = DEVELOPER_DIR; };
		92E751F21964FD0700F831F3 /* iPraise.app */ = {isa = PBXFileReference; explicitFileType = wrapper.application; includeInIndex = 0; path = iPraise.app; sourceTree = BUILT_PRODUCTS_DIR; };
		92E751F81964FD0700F831F3 /* iPraise-Info.plist */ = {isa = PBXFileReference; lastKnownFileType = text.plist.xml; path = "iPraise-Info.plist"; sourceTree = "<group>"; };
		92E751FA1964FD0700F831F3 /* en */ = {isa = PBXFileReference; lastKnownFileType = text.plist.strings; name = en; path = en.lproj/InfoPlist.strings; sourceTree = "<group>"; };
		92E751FC1964FD0700F831F3 /* main.m */ = {isa = PBXFileReference; lastKnownFileType = sourcecode.c.objc; path = main.m; sourceTree = "<group>"; };
		92E751FE1964FD0700F831F3 /* iPraise-Prefix.pch */ = {isa = PBXFileReference; lastKnownFileType = sourcecode.c.h; path = "iPraise-Prefix.pch"; sourceTree = "<group>"; };
		92E751FF1964FD0700F831F3 /* VZAppDelegate.h */ = {isa = PBXFileReference; lastKnownFileType = sourcecode.c.h; path = VZAppDelegate.h; sourceTree = "<group>"; };
		92E752001964FD0700F831F3 /* VZAppDelegate.m */ = {isa = PBXFileReference; lastKnownFileType = sourcecode.c.objc; path = VZAppDelegate.m; sourceTree = "<group>"; };
		92E7520B1964FD0700F831F3 /* Images.xcassets */ = {isa = PBXFileReference; lastKnownFileType = folder.assetcatalog; path = Images.xcassets; sourceTree = "<group>"; };
		92E752261964FD8B00F831F3 /* VZBaseViewController.h */ = {isa = PBXFileReference; fileEncoding = 4; lastKnownFileType = sourcecode.c.h; path = VZBaseViewController.h; sourceTree = "<group>"; };
		92E752271964FD8B00F831F3 /* VZBaseViewController.m */ = {isa = PBXFileReference; fileEncoding = 4; lastKnownFileType = sourcecode.c.objc; path = VZBaseViewController.m; sourceTree = "<group>"; };
		92E7522B1964FD8B00F831F3 /* VZPreferencesViewController.h */ = {isa = PBXFileReference; fileEncoding = 4; lastKnownFileType = sourcecode.c.h; path = VZPreferencesViewController.h; sourceTree = "<group>"; };
		92E7522C1964FD8B00F831F3 /* VZPreferencesViewController.m */ = {isa = PBXFileReference; fileEncoding = 4; lastKnownFileType = sourcecode.c.objc; path = VZPreferencesViewController.m; sourceTree = "<group>"; };
		92E7522D1964FD8B00F831F3 /* VZRootViewController.h */ = {isa = PBXFileReference; fileEncoding = 4; lastKnownFileType = sourcecode.c.h; path = VZRootViewController.h; sourceTree = "<group>"; };
		92E7522E1964FD8B00F831F3 /* VZRootViewController.m */ = {isa = PBXFileReference; fileEncoding = 4; lastKnownFileType = sourcecode.c.objc; path = VZRootViewController.m; sourceTree = "<group>"; };
		92E7522F1964FD8B00F831F3 /* VZSearchViewController.h */ = {isa = PBXFileReference; fileEncoding = 4; lastKnownFileType = sourcecode.c.h; path = VZSearchViewController.h; sourceTree = "<group>"; };
		92E752301964FD8B00F831F3 /* VZSearchViewController.m */ = {isa = PBXFileReference; fileEncoding = 4; lastKnownFileType = sourcecode.c.objc; path = VZSearchViewController.m; sourceTree = "<group>"; };
		92E752311964FD8B00F831F3 /* VZSongsViewController.h */ = {isa = PBXFileReference; fileEncoding = 4; lastKnownFileType = sourcecode.c.h; path = VZSongsViewController.h; sourceTree = "<group>"; };
		92E752321964FD8B00F831F3 /* VZSongsViewController.m */ = {isa = PBXFileReference; fileEncoding = 4; lastKnownFileType = sourcecode.c.objc; path = VZSongsViewController.m; sourceTree = "<group>"; };
		92E752331964FD8B00F831F3 /* VZURLManager.h */ = {isa = PBXFileReference; fileEncoding = 4; lastKnownFileType = sourcecode.c.h; path = VZURLManager.h; sourceTree = "<group>"; };
		92E752341964FD8B00F831F3 /* VZURLManager.m */ = {isa = PBXFileReference; fileEncoding = 4; lastKnownFileType = sourcecode.c.objc; path = VZURLManager.m; sourceTree = "<group>"; };
		92E752351964FD8B00F831F3 /* VZDataService.h */ = {isa = PBXFileReference; fileEncoding = 4; lastKnownFileType = sourcecode.c.h; path = VZDataService.h; sourceTree = "<group>"; };
		92E752361964FD8B00F831F3 /* VZDataService.m */ = {isa = PBXFileReference; fileEncoding = 4; lastKnownFileType = sourcecode.c.objc; path = VZDataService.m; sourceTree = "<group>"; };
		92E752371964FD8B00F831F3 /* VZViewService.h */ = {isa = PBXFileReference; fileEncoding = 4; lastKnownFileType = sourcecode.c.h; path = VZViewService.h; sourceTree = "<group>"; };
		92E752381964FD8B00F831F3 /* VZViewService.m */ = {isa = PBXFileReference; fileEncoding = 4; lastKnownFileType = sourcecode.c.objc; path = VZViewService.m; sourceTree = "<group>"; };
		92E752441964FDB800F831F3 /* VZTabMe.png */ = {isa = PBXFileReference; lastKnownFileType = image.png; path = VZTabMe.png; sourceTree = "<group>"; };
		92E752451964FDB800F831F3 /* VZTabMe@2x.png */ = {isa = PBXFileReference; lastKnownFileType = image.png; path = "VZTabMe@2x.png"; sourceTree = "<group>"; };
		92E752481964FDB800F831F3 /* VZTabSongs.png */ = {isa = PBXFileReference; lastKnownFileType = image.png; path = VZTabSongs.png; sourceTree = "<group>"; };
		92E752491964FDB800F831F3 /* VZTabSongs@2x.png */ = {isa = PBXFileReference; lastKnownFileType = image.png; path = "VZTabSongs@2x.png"; sourceTree = "<group>"; };
		92E752521964FDC000F831F3 /* AFHTTPRequestOperation.h */ = {isa = PBXFileReference; fileEncoding = 4; lastKnownFileType = sourcecode.c.h; path = AFHTTPRequestOperation.h; sourceTree = "<group>"; };
		92E752531964FDC000F831F3 /* AFHTTPRequestOperation.m */ = {isa = PBXFileReference; fileEncoding = 4; lastKnownFileType = sourcecode.c.objc; path = AFHTTPRequestOperation.m; sourceTree = "<group>"; };
		92E752541964FDC000F831F3 /* AFHTTPRequestOperationManager.h */ = {isa = PBXFileReference; fileEncoding = 4; lastKnownFileType = sourcecode.c.h; path = AFHTTPRequestOperationManager.h; sourceTree = "<group>"; };
		92E752551964FDC000F831F3 /* AFHTTPRequestOperationManager.m */ = {isa = PBXFileReference; fileEncoding = 4; lastKnownFileType = sourcecode.c.objc; path = AFHTTPRequestOperationManager.m; sourceTree = "<group>"; };
		92E752561964FDC000F831F3 /* AFHTTPSessionManager.h */ = {isa = PBXFileReference; fileEncoding = 4; lastKnownFileType = sourcecode.c.h; path = AFHTTPSessionManager.h; sourceTree = "<group>"; };
		92E752571964FDC000F831F3 /* AFHTTPSessionManager.m */ = {isa = PBXFileReference; fileEncoding = 4; lastKnownFileType = sourcecode.c.objc; path = AFHTTPSessionManager.m; sourceTree = "<group>"; };
		92E752581964FDC000F831F3 /* AFNetworking.h */ = {isa = PBXFileReference; fileEncoding = 4; lastKnownFileType = sourcecode.c.h; path = AFNetworking.h; sourceTree = "<group>"; };
		92E752591964FDC000F831F3 /* AFNetworkReachabilityManager.h */ = {isa = PBXFileReference; fileEncoding = 4; lastKnownFileType = sourcecode.c.h; path = AFNetworkReachabilityManager.h; sourceTree = "<group>"; };
		92E7525A1964FDC000F831F3 /* AFNetworkReachabilityManager.m */ = {isa = PBXFileReference; fileEncoding = 4; lastKnownFileType = sourcecode.c.objc; path = AFNetworkReachabilityManager.m; sourceTree = "<group>"; };
		92E7525B1964FDC000F831F3 /* AFSecurityPolicy.h */ = {isa = PBXFileReference; fileEncoding = 4; lastKnownFileType = sourcecode.c.h; path = AFSecurityPolicy.h; sourceTree = "<group>"; };
		92E7525C1964FDC000F831F3 /* AFSecurityPolicy.m */ = {isa = PBXFileReference; fileEncoding = 4; lastKnownFileType = sourcecode.c.objc; path = AFSecurityPolicy.m; sourceTree = "<group>"; };
		92E7525D1964FDC000F831F3 /* AFURLConnectionOperation.h */ = {isa = PBXFileReference; fileEncoding = 4; lastKnownFileType = sourcecode.c.h; path = AFURLConnectionOperation.h; sourceTree = "<group>"; };
		92E7525E1964FDC000F831F3 /* AFURLConnectionOperation.m */ = {isa = PBXFileReference; fileEncoding = 4; lastKnownFileType = sourcecode.c.objc; path = AFURLConnectionOperation.m; sourceTree = "<group>"; };
		92E7525F1964FDC000F831F3 /* AFURLRequestSerialization.h */ = {isa = PBXFileReference; fileEncoding = 4; lastKnownFileType = sourcecode.c.h; path = AFURLRequestSerialization.h; sourceTree = "<group>"; };
		92E752601964FDC000F831F3 /* AFURLRequestSerialization.m */ = {isa = PBXFileReference; fileEncoding = 4; lastKnownFileType = sourcecode.c.objc; path = AFURLRequestSerialization.m; sourceTree = "<group>"; };
		92E752611964FDC000F831F3 /* AFURLResponseSerialization.h */ = {isa = PBXFileReference; fileEncoding = 4; lastKnownFileType = sourcecode.c.h; path = AFURLResponseSerialization.h; sourceTree = "<group>"; };
		92E752621964FDC000F831F3 /* AFURLResponseSerialization.m */ = {isa = PBXFileReference; fileEncoding = 4; lastKnownFileType = sourcecode.c.objc; path = AFURLResponseSerialization.m; sourceTree = "<group>"; };
		92E752631964FDC000F831F3 /* AFURLSessionManager.h */ = {isa = PBXFileReference; fileEncoding = 4; lastKnownFileType = sourcecode.c.h; path = AFURLSessionManager.h; sourceTree = "<group>"; };
		92E752641964FDC000F831F3 /* AFURLSessionManager.m */ = {isa = PBXFileReference; fileEncoding = 4; lastKnownFileType = sourcecode.c.objc; path = AFURLSessionManager.m; sourceTree = "<group>"; };
		92E7526F1964FDDB00F831F3 /* VZBase.h */ = {isa = PBXFileReference; fileEncoding = 4; lastKnownFileType = sourcecode.c.h; path = VZBase.h; sourceTree = "<group>"; };
		92E752701964FDDB00F831F3 /* VZHeaders.h */ = {isa = PBXFileReference; fileEncoding = 4; lastKnownFileType = sourcecode.c.h; path = VZHeaders.h; sourceTree = "<group>"; };
		92E752711964FDDB00F831F3 /* VZKeys.h */ = {isa = PBXFileReference; fileEncoding = 4; lastKnownFileType = sourcecode.c.h; path = VZKeys.h; sourceTree = "<group>"; };
		92E752721964FDDB00F831F3 /* VZKeys.m */ = {isa = PBXFileReference; fileEncoding = 4; lastKnownFileType = sourcecode.c.objc; path = VZKeys.m; sourceTree = "<group>"; };
/* End PBXFileReference section */

/* Begin PBXFrameworksBuildPhase section */
		92E751EF1964FD0700F831F3 /* Frameworks */ = {
			isa = PBXFrameworksBuildPhase;
			buildActionMask = 2147483647;
			files = (
				60D2658F1965AC7800B8BD62 /* libfppopover.a in Frameworks */,
				60D265861965A45300B8BD62 /* libiOSHierarchyViewer.a in Frameworks */,
				929A58B419653286007F2327 /* libxml2.dylib in Frameworks */,
				92E751F41964FD0700F831F3 /* CoreGraphics.framework in Frameworks */,
				92E751F51964FD0700F831F3 /* UIKit.framework in Frameworks */,
				92E751F31964FD0700F831F3 /* Foundation.framework in Frameworks */,
			);
			runOnlyForDeploymentPostprocessing = 0;
		};
/* End PBXFrameworksBuildPhase section */

/* Begin PBXGroup section */
		603951D1196CB74500CF6705 /* ScrollLabel */ = {
			isa = PBXGroup;
			children = (
				603951D2196CB74500CF6705 /* MarqueeLabel.h */,
				603951D3196CB74500CF6705 /* MarqueeLabel.m */,
			);
			name = ScrollLabel;
			path = iPraise/Library/ScrollLabel;
			sourceTree = SOURCE_ROOT;
		};
		60D2657F1965A43500B8BD62 /* Products */ = {
			isa = PBXGroup;
			children = (
				60D265831965A43500B8BD62 /* libiOSHierarchyViewer.a */,
			);
			name = Products;
			sourceTree = "<group>";
		};
		60D265881965AC6B00B8BD62 /* Products */ = {
			isa = PBXGroup;
			children = (
				60D2658C1965AC6B00B8BD62 /* libfppopover.a */,
			);
			name = Products;
			sourceTree = "<group>";
		};
		60D265A719661A6F00B8BD62 /* Categories */ = {
			isa = PBXGroup;
			children = (
				925BD6901966696A00ED657B /* UIDevice+Extensions.h */,
				925BD6911966696A00ED657B /* UIDevice+Extensions.m */,
				60D265A819661A6F00B8BD62 /* NSData+Extensions.h */,
				60D265A919661A6F00B8BD62 /* NSData+Extensions.m */,
				60D265AA19661A6F00B8BD62 /* NSDictionary+Extensions.h */,
				60D265AB19661A6F00B8BD62 /* NSDictionary+Extensions.m */,
				60D265AC19661A6F00B8BD62 /* NSObject+Extensions.h */,
				60D265AD19661A6F00B8BD62 /* NSObject+Extensions.m */,
				60D265AE19661A6F00B8BD62 /* NSString+Extensions.h */,
				60D265AF19661A6F00B8BD62 /* NSString+Extensions.m */,
				60D265B019661A6F00B8BD62 /* UIColor+Extensions.h */,
				60D265B119661A6F00B8BD62 /* UIColor+Extensions.m */,
				60D265B219661A6F00B8BD62 /* UIView+Extensions.h */,
				60D265B319661A6F00B8BD62 /* UIView+Extensions.m */,
				603951CB196C5C5400CF6705 /* UIImageView+Extensions.h */,
				603951CC196C5C5400CF6705 /* UIImageView+Extensions.m */,
			);
			path = Categories;
			sourceTree = "<group>";
		};
		60D265B419661A6F00B8BD62 /* Loading */ = {
			isa = PBXGroup;
			children = (
				60D265B519661A6F00B8BD62 /* MBProgressHUD.h */,
				60D265B619661A6F00B8BD62 /* MBProgressHUD.m */,
			);
			path = Loading;
			sourceTree = "<group>";
		};
		60D26652196AFC6B00B8BD62 /* HTML */ = {
			isa = PBXGroup;
			children = (
				60D26653196AFC6B00B8BD62 /* GDataXMLNode.h */,
				60D26654196AFC6B00B8BD62 /* GDataXMLNode.m */,
			);
			name = HTML;
			path = iPraise/Library/HTML;
			sourceTree = SOURCE_ROOT;
		};
		60DBBD25196C55DE004F8114 /* Glow */ = {
			isa = PBXGroup;
			children = (
				60DBBD26196C55DE004F8114 /* RRSGlowLabel.h */,
				60DBBD27196C55DE004F8114 /* RRSGlowLabel.m */,
			);
			name = Glow;
			path = iPraise/Library/Glow;
			sourceTree = SOURCE_ROOT;
		};
		929A58B5196536E0007F2327 /* Web */ = {
			isa = PBXGroup;
			children = (
				60D26645196778CC00B8BD62 /* love.html */,
				929A58B6196536E0007F2327 /* browse.js */,
				929A58B7196536E0007F2327 /* browse10.js */,
				929A58B8196536E0007F2327 /* browse2.js */,
				929A58B9196536E0007F2327 /* browse3.js */,
				929A58BA196536E0007F2327 /* browse4.js */,
				929A58BB196536E0007F2327 /* browse5.js */,
				929A58BC196536E0007F2327 /* browse6.js */,
				929A58BD196536E0007F2327 /* browse7.js */,
				929A58BE196536E0007F2327 /* browse8.js */,
				929A58BF196536E0007F2327 /* browse9.js */,
				929A58C0196536E0007F2327 /* index.html */,
				929A58C1196536E0007F2327 /* main.js */,
				929A58C2196536E0007F2327 /* search.html */,
			);
			path = Web;
			sourceTree = "<group>";
		};
		929CB671193EC4ED0016820F = {
			isa = PBXGroup;
			children = (
				92E751F61964FD0700F831F3 /* iPraise */,
				929CB67C193EC4ED0016820F /* Frameworks */,
				929CB67B193EC4ED0016820F /* Products */,
			);
			sourceTree = "<group>";
		};
		929CB67B193EC4ED0016820F /* Products */ = {
			isa = PBXGroup;
			children = (
				92E751F21964FD0700F831F3 /* iPraise.app */,
			);
			name = Products;
			sourceTree = "<group>";
		};
		929CB67C193EC4ED0016820F /* Frameworks */ = {
			isa = PBXGroup;
			children = (
				929A58B319653286007F2327 /* libxml2.dylib */,
				929CB67D193EC4ED0016820F /* Foundation.framework */,
				929CB67F193EC4ED0016820F /* CoreGraphics.framework */,
				929CB681193EC4ED0016820F /* UIKit.framework */,
				929CB69F193EC4EF0016820F /* XCTest.framework */,
			);
			name = Frameworks;
			sourceTree = "<group>";
		};
		92E751F61964FD0700F831F3 /* iPraise */ = {
			isa = PBXGroup;
			children = (
				92E752501964FDC000F831F3 /* Library */,
				92E7526E1964FDDB00F831F3 /* Global */,
				92E752261964FD8B00F831F3 /* VZBaseViewController.h */,
				92E752271964FD8B00F831F3 /* VZBaseViewController.m */,
				927F8D901966934A007439F7 /* VZTheme.h */,
				927F8D911966934A007439F7 /* VZTheme.m */,
				92E7522B1964FD8B00F831F3 /* VZPreferencesViewController.h */,
				92E7522C1964FD8B00F831F3 /* VZPreferencesViewController.m */,
				92E7522D1964FD8B00F831F3 /* VZRootViewController.h */,
				92E7522E1964FD8B00F831F3 /* VZRootViewController.m */,
				92E7522F1964FD8B00F831F3 /* VZSearchViewController.h */,
				92E752301964FD8B00F831F3 /* VZSearchViewController.m */,
				60D265921965B78300B8BD62 /* VZPlayerViewController.h */,
				60D265931965B78300B8BD62 /* VZPlayerViewController.m */,
				60D266171967075800B8BD62 /* Player.xib */,
				927F8D8D19668D62007439F7 /* VZAudioPlayerView.h */,
				927F8D8E19668D62007439F7 /* VZAudioPlayerView.m */,
				92E752311964FD8B00F831F3 /* VZSongsViewController.h */,
				92E752321964FD8B00F831F3 /* VZSongsViewController.m */,
				92E752331964FD8B00F831F3 /* VZURLManager.h */,
				92E752341964FD8B00F831F3 /* VZURLManager.m */,
				60D2659B196612BC00B8BD62 /* VZFileCacheManager.h */,
				60D2659C196612BC00B8BD62 /* VZFileCacheManager.m */,
				92E752351964FD8B00F831F3 /* VZDataService.h */,
				92E752361964FD8B00F831F3 /* VZDataService.m */,
				92E752371964FD8B00F831F3 /* VZViewService.h */,
				92E752381964FD8B00F831F3 /* VZViewService.m */,
				92E751FF1964FD0700F831F3 /* VZAppDelegate.h */,
				92E752001964FD0700F831F3 /* VZAppDelegate.m */,
				92E752421964FD9B00F831F3 /* Resources */,
				92E751F71964FD0700F831F3 /* Supporting Files */,
			);
			path = iPraise;
			sourceTree = "<group>";
		};
		92E751F71964FD0700F831F3 /* Supporting Files */ = {
			isa = PBXGroup;
			children = (
				92E751F81964FD0700F831F3 /* iPraise-Info.plist */,
				92E751F91964FD0700F831F3 /* InfoPlist.strings */,
				92E751FC1964FD0700F831F3 /* main.m */,
				92E751FE1964FD0700F831F3 /* iPraise-Prefix.pch */,
			);
			name = "Supporting Files";
			sourceTree = "<group>";
		};
		92E752421964FD9B00F831F3 /* Resources */ = {
			isa = PBXGroup;
			children = (
				92E752431964FDB800F831F3 /* Resources */,
				92E7520B1964FD0700F831F3 /* Images.xcassets */,
			);
			name = Resources;
			sourceTree = "<group>";
		};
		92E752431964FDB800F831F3 /* Resources */ = {
			isa = PBXGroup;
			children = (
				929A58B5196536E0007F2327 /* Web */,
				92E752441964FDB800F831F3 /* VZTabMe.png */,
				92E752451964FDB800F831F3 /* VZTabMe@2x.png */,
				92E752481964FDB800F831F3 /* VZTabSongs.png */,
				92E752491964FDB800F831F3 /* VZTabSongs@2x.png */,
				60D265BE196621B000B8BD62 /* VZBack.png */,
				60D265BF196621B000B8BD62 /* VZBack@2x.png */,
				60D265C41967073700B8BD62 /* VZAdd.png */,
				60D265C51967073700B8BD62 /* VZAdd@2x.png */,
				60D265C61967073700B8BD62 /* VZCamera.png */,
				60D265C71967073700B8BD62 /* VZCamera@2x.png */,
				60D265C81967073700B8BD62 /* VZCircle.png */,
				60D265C91967073700B8BD62 /* VZCircle@2x.png */,
				60D265CA1967073700B8BD62 /* VZDown.png */,
				60D265CB1967073700B8BD62 /* VZDown@2x.png */,
				60D265CC1967073700B8BD62 /* VZInfo.png */,
				60D265CD1967073700B8BD62 /* VZInfo@2x.png */,
				60D265CE1967073700B8BD62 /* VZMinus.png */,
				60D265CF1967073700B8BD62 /* VZMinus@2x.png */,
				60D265D01967073700B8BD62 /* VZMute.png */,
				60D265D11967073700B8BD62 /* VZMute@2x.png */,
				60D265D21967073700B8BD62 /* VZPeople.png */,
				60D265D31967073700B8BD62 /* VZPeople@2x.png */,
				60D265D41967073700B8BD62 /* VZRight.png */,
				60D265D51967073700B8BD62 /* VZRight@2x.png */,
				60D265D61967073700B8BD62 /* VZSearch.png */,
				60D265D71967073700B8BD62 /* VZSearch@2x.png */,
				60D265D81967073700B8BD62 /* VZSound.png */,
				60D265D91967073700B8BD62 /* VZSound@2x.png */,
				60D265DA1967073700B8BD62 /* VZStar.png */,
				60D265DB1967073700B8BD62 /* VZStar@2x.png */,
				60D265DC1967073700B8BD62 /* VZTabAccount.png */,
				60D265DD1967073700B8BD62 /* VZTabAccount@2x.png */,
				60D265DE1967073700B8BD62 /* VZUp.png */,
				60D265DF1967073700B8BD62 /* VZUp@2x.png */,
				60D266191967097F00B8BD62 /* VZPlay.png */,
				60D2661A1967097F00B8BD62 /* VZPlay@2x.png */,
				60D2661D19670BDD00B8BD62 /* VZAirPlay.png */,
				60D2661E19670BDD00B8BD62 /* VZAirPlay@2x.png */,
				60D2661F19670BDD00B8BD62 /* VZCheck.png */,
				60D2662019670BDD00B8BD62 /* VZCheck@2x.png */,
				60D2662119670BDD00B8BD62 /* VZHeart.png */,
				60D2662219670BDD00B8BD62 /* VZHeart@2x.png */,
				60D2662319670BDD00B8BD62 /* VZHome.png */,
				60D2662419670BDD00B8BD62 /* VZHome@2x.png */,
				60D2662519670BDD00B8BD62 /* VZImagePlaceholder.png */,
				60D2662619670BDD00B8BD62 /* VZImagePlaceholder@2x.png */,
				60D2662719670BDD00B8BD62 /* VZLoop.png */,
				60D2662819670BDD00B8BD62 /* VZLoop@2x.png */,
				60D2662919670BDD00B8BD62 /* VZMusicList.png */,
				60D2662A19670BDD00B8BD62 /* VZMusicList@2x.png */,
				60D2662B19670BDD00B8BD62 /* VZRandomLoop.png */,
				60D2662C19670BDD00B8BD62 /* VZRandomLoop@2x.png */,
				60D2662D19670BDD00B8BD62 /* VZToEnd.png */,
				60D2662E19670BDD00B8BD62 /* VZToEnd@2x.png */,
				60D2662F19670BDD00B8BD62 /* VZToStart.png */,
				60D2663019670BDD00B8BD62 /* VZToStart@2x.png */,
			);
			path = Resources;
			sourceTree = "<group>";
		};
		92E752501964FDC000F831F3 /* Library */ = {
			isa = PBXGroup;
			children = (
				60D265871965AC6B00B8BD62 /* FPPopoverDemo.xcodeproj */,
				60D2657E1965A43500B8BD62 /* iOSHierarchyViewer.xcodeproj */,
				60D265A719661A6F00B8BD62 /* Categories */,
				60D265B419661A6F00B8BD62 /* Loading */,
				60D26652196AFC6B00B8BD62 /* HTML */,
				60DBBD25196C55DE004F8114 /* Glow */,
				603951D1196CB74500CF6705 /* ScrollLabel */,
				92E752511964FDC000F831F3 /* AFNetworking */,
			);
			path = Library;
			sourceTree = "<group>";
		};
		92E752511964FDC000F831F3 /* AFNetworking */ = {
			isa = PBXGroup;
			children = (
				92E752521964FDC000F831F3 /* AFHTTPRequestOperation.h */,
				92E752531964FDC000F831F3 /* AFHTTPRequestOperation.m */,
				92E752541964FDC000F831F3 /* AFHTTPRequestOperationManager.h */,
				92E752551964FDC000F831F3 /* AFHTTPRequestOperationManager.m */,
				92E752561964FDC000F831F3 /* AFHTTPSessionManager.h */,
				92E752571964FDC000F831F3 /* AFHTTPSessionManager.m */,
				92E752581964FDC000F831F3 /* AFNetworking.h */,
				92E752591964FDC000F831F3 /* AFNetworkReachabilityManager.h */,
				92E7525A1964FDC000F831F3 /* AFNetworkReachabilityManager.m */,
				92E7525B1964FDC000F831F3 /* AFSecurityPolicy.h */,
				92E7525C1964FDC000F831F3 /* AFSecurityPolicy.m */,
				92E7525D1964FDC000F831F3 /* AFURLConnectionOperation.h */,
				92E7525E1964FDC000F831F3 /* AFURLConnectionOperation.m */,
				92E7525F1964FDC000F831F3 /* AFURLRequestSerialization.h */,
				92E752601964FDC000F831F3 /* AFURLRequestSerialization.m */,
				92E752611964FDC000F831F3 /* AFURLResponseSerialization.h */,
				92E752621964FDC000F831F3 /* AFURLResponseSerialization.m */,
				92E752631964FDC000F831F3 /* AFURLSessionManager.h */,
				92E752641964FDC000F831F3 /* AFURLSessionManager.m */,
			);
			path = AFNetworking;
			sourceTree = "<group>";
		};
		92E7526E1964FDDB00F831F3 /* Global */ = {
			isa = PBXGroup;
			children = (
				92E7526F1964FDDB00F831F3 /* VZBase.h */,
				92E752701964FDDB00F831F3 /* VZHeaders.h */,
				92E752711964FDDB00F831F3 /* VZKeys.h */,
				92E752721964FDDB00F831F3 /* VZKeys.m */,
				603951CE196CAFCF00CF6705 /* VZLyricView.h */,
				603951CF196CAFCF00CF6705 /* VZLyricView.m */,
			);
			path = Global;
			sourceTree = "<group>";
		};
/* End PBXGroup section */

/* Begin PBXNativeTarget section */
		92E751F11964FD0700F831F3 /* iPraise */ = {
			isa = PBXNativeTarget;
			buildConfigurationList = 92E752231964FD0900F831F3 /* Build configuration list for PBXNativeTarget "iPraise" */;
			buildPhases = (
				92E751EE1964FD0700F831F3 /* Sources */,
				92E751EF1964FD0700F831F3 /* Frameworks */,
				92E751F01964FD0700F831F3 /* Resources */,
			);
			buildRules = (
			);
			dependencies = (
				60D2658E1965AC7200B8BD62 /* PBXTargetDependency */,
				60D265851965A44C00B8BD62 /* PBXTargetDependency */,
			);
			name = iPraise;
			productName = iPraise;
			productReference = 92E751F21964FD0700F831F3 /* iPraise.app */;
			productType = "com.apple.product-type.application";
		};
/* End PBXNativeTarget section */

/* Begin PBXProject section */
		929CB672193EC4ED0016820F /* Project object */ = {
			isa = PBXProject;
			attributes = {
				CLASSPREFIX = VZ;
				LastUpgradeCheck = 0510;
				ORGANIZATIONNAME = Mac003;
			};
			buildConfigurationList = 929CB675193EC4ED0016820F /* Build configuration list for PBXProject "iPraise" */;
			compatibilityVersion = "Xcode 3.2";
			developmentRegion = English;
			hasScannedForEncodings = 0;
			knownRegions = (
				en,
				Base,
			);
			mainGroup = 929CB671193EC4ED0016820F;
			productRefGroup = 929CB67B193EC4ED0016820F /* Products */;
			projectDirPath = "";
			projectReferences = (
				{
					ProductGroup = 60D265881965AC6B00B8BD62 /* Products */;
					ProjectRef = 60D265871965AC6B00B8BD62 /* FPPopoverDemo.xcodeproj */;
				},
				{
					ProductGroup = 60D2657F1965A43500B8BD62 /* Products */;
					ProjectRef = 60D2657E1965A43500B8BD62 /* iOSHierarchyViewer.xcodeproj */;
				},
			);
			projectRoot = "";
			targets = (
				92E751F11964FD0700F831F3 /* iPraise */,
			);
		};
/* End PBXProject section */

/* Begin PBXReferenceProxy section */
		60D265831965A43500B8BD62 /* libiOSHierarchyViewer.a */ = {
			isa = PBXReferenceProxy;
			fileType = archive.ar;
			path = libiOSHierarchyViewer.a;
			remoteRef = 60D265821965A43500B8BD62 /* PBXContainerItemProxy */;
			sourceTree = BUILT_PRODUCTS_DIR;
		};
		60D2658C1965AC6B00B8BD62 /* libfppopover.a */ = {
			isa = PBXReferenceProxy;
			fileType = archive.ar;
			path = libfppopover.a;
			remoteRef = 60D2658B1965AC6B00B8BD62 /* PBXContainerItemProxy */;
			sourceTree = BUILT_PRODUCTS_DIR;
		};
/* End PBXReferenceProxy section */

/* Begin PBXResourcesBuildPhase section */
		92E751F01964FD0700F831F3 /* Resources */ = {
			isa = PBXResourcesBuildPhase;
			buildActionMask = 2147483647;
			files = (
				929A58CD196536E0007F2327 /* index.html in Resources */,
				60D266091967073700B8BD62 /* VZUp@2x.png in Resources */,
				60D266041967073700B8BD62 /* VZStar.png in Resources */,
				92E7520C1964FD0700F831F3 /* Images.xcassets in Resources */,
				60D265FE1967073700B8BD62 /* VZRight.png in Resources */,
				92E7524F1964FDB800F831F3 /* VZTabSongs@2x.png in Resources */,
				60D266031967073700B8BD62 /* VZSound@2x.png in Resources */,
				60D266051967073700B8BD62 /* VZStar@2x.png in Resources */,
				60D2663D19670BDD00B8BD62 /* VZMusicList.png in Resources */,
				60D265C1196621B000B8BD62 /* VZBack@2x.png in Resources */,
				60D2663E19670BDD00B8BD62 /* VZMusicList@2x.png in Resources */,
				60D2663F19670BDD00B8BD62 /* VZRandomLoop.png in Resources */,
				60D26646196778CC00B8BD62 /* love.html in Resources */,
				60D265FF1967073700B8BD62 /* VZRight@2x.png in Resources */,
				60D266061967073700B8BD62 /* VZTabAccount.png in Resources */,
				60D2664319670BDD00B8BD62 /* VZToStart.png in Resources */,
				60D266181967075800B8BD62 /* Player.xib in Resources */,
				60D2663919670BDD00B8BD62 /* VZImagePlaceholder.png in Resources */,
				60D2663419670BDD00B8BD62 /* VZCheck@2x.png in Resources */,
				60D265F51967073700B8BD62 /* VZDown@2x.png in Resources */,
				60D265FB1967073700B8BD62 /* VZMute@2x.png in Resources */,
				60D2664419670BDD00B8BD62 /* VZToStart@2x.png in Resources */,
				60D266071967073700B8BD62 /* VZTabAccount@2x.png in Resources */,
				92E7524E1964FDB800F831F3 /* VZTabSongs.png in Resources */,
				60D2663219670BDD00B8BD62 /* VZAirPlay@2x.png in Resources */,
				60D2663819670BDD00B8BD62 /* VZHome@2x.png in Resources */,
				60D2663B19670BDD00B8BD62 /* VZLoop.png in Resources */,
				60D265F01967073700B8BD62 /* VZCamera.png in Resources */,
				929A58CF196536E0007F2327 /* search.html in Resources */,
				60D2663119670BDD00B8BD62 /* VZAirPlay.png in Resources */,
				60D266081967073700B8BD62 /* VZUp.png in Resources */,
				60D265EF1967073700B8BD62 /* VZAdd@2x.png in Resources */,
				60D2661C1967097F00B8BD62 /* VZPlay@2x.png in Resources */,
				60D2663519670BDD00B8BD62 /* VZHeart.png in Resources */,
				60D265F91967073700B8BD62 /* VZMinus@2x.png in Resources */,
				60D266021967073700B8BD62 /* VZSound.png in Resources */,
				60D265F61967073700B8BD62 /* VZInfo.png in Resources */,
				60D265FA1967073700B8BD62 /* VZMute.png in Resources */,
				60D2664219670BDD00B8BD62 /* VZToEnd@2x.png in Resources */,
				60D265F71967073700B8BD62 /* VZInfo@2x.png in Resources */,
				60D2664119670BDD00B8BD62 /* VZToEnd.png in Resources */,
				92E751FB1964FD0700F831F3 /* InfoPlist.strings in Resources */,
				60D2663A19670BDD00B8BD62 /* VZImagePlaceholder@2x.png in Resources */,
				60D265F11967073700B8BD62 /* VZCamera@2x.png in Resources */,
				60D265F81967073700B8BD62 /* VZMinus.png in Resources */,
				60D2664019670BDD00B8BD62 /* VZRandomLoop@2x.png in Resources */,
				60D2663C19670BDD00B8BD62 /* VZLoop@2x.png in Resources */,
				60D265EE1967073700B8BD62 /* VZAdd.png in Resources */,
				60D2661B1967097F00B8BD62 /* VZPlay.png in Resources */,
				60D2663619670BDD00B8BD62 /* VZHeart@2x.png in Resources */,
				60D266011967073700B8BD62 /* VZSearch@2x.png in Resources */,
				60D265FC1967073700B8BD62 /* VZPeople.png in Resources */,
				92E7524B1964FDB800F831F3 /* VZTabMe@2x.png in Resources */,
				92E7524A1964FDB800F831F3 /* VZTabMe.png in Resources */,
				60D265C0196621B000B8BD62 /* VZBack.png in Resources */,
				60D265F31967073700B8BD62 /* VZCircle@2x.png in Resources */,
				60D2663719670BDD00B8BD62 /* VZHome.png in Resources */,
				60D265FD1967073700B8BD62 /* VZPeople@2x.png in Resources */,
				60D266001967073700B8BD62 /* VZSearch.png in Resources */,
				60D265F21967073700B8BD62 /* VZCircle.png in Resources */,
				60D2663319670BDD00B8BD62 /* VZCheck.png in Resources */,
				60D265F41967073700B8BD62 /* VZDown.png in Resources */,
			);
			runOnlyForDeploymentPostprocessing = 0;
		};
/* End PBXResourcesBuildPhase section */

/* Begin PBXSourcesBuildPhase section */
		92E751EE1964FD0700F831F3 /* Sources */ = {
			isa = PBXSourcesBuildPhase;
			buildActionMask = 2147483647;
			files = (
				92E752391964FD8B00F831F3 /* VZBaseViewController.m in Sources */,
				92E752011964FD0700F831F3 /* VZAppDelegate.m in Sources */,
				92E752661964FDC000F831F3 /* AFHTTPRequestOperationManager.m in Sources */,
				92E752411964FD8B00F831F3 /* VZViewService.m in Sources */,
				60D265B919661A6F00B8BD62 /* NSObject+Extensions.m in Sources */,
				60D265BA19661A6F00B8BD62 /* NSString+Extensions.m in Sources */,
				92E7526A1964FDC000F831F3 /* AFURLConnectionOperation.m in Sources */,
				60D265941965B78300B8BD62 /* VZPlayerViewController.m in Sources */,
				92E7523E1964FD8B00F831F3 /* VZSongsViewController.m in Sources */,
				92E7526B1964FDC000F831F3 /* AFURLRequestSerialization.m in Sources */,
				927F8D8F19668D62007439F7 /* VZAudioPlayerView.m in Sources */,
				60DBBD28196C55DE004F8114 /* RRSGlowLabel.m in Sources */,
				92E752671964FDC000F831F3 /* AFHTTPSessionManager.m in Sources */,
				92E752651964FDC000F831F3 /* AFHTTPRequestOperation.m in Sources */,
				603951D4196CB74500CF6705 /* MarqueeLabel.m in Sources */,
				925BD6921966696A00ED657B /* UIDevice+Extensions.m in Sources */,
				92E7523C1964FD8B00F831F3 /* VZRootViewController.m in Sources */,
				603951CD196C5C5400CF6705 /* UIImageView+Extensions.m in Sources */,
				92E752691964FDC000F831F3 /* AFSecurityPolicy.m in Sources */,
				92E752731964FDDB00F831F3 /* VZKeys.m in Sources */,
				60D265BB19661A6F00B8BD62 /* UIColor+Extensions.m in Sources */,
				92E751FD1964FD0700F831F3 /* main.m in Sources */,
				60D2659D196612BC00B8BD62 /* VZFileCacheManager.m in Sources */,
				92E752681964FDC000F831F3 /* AFNetworkReachabilityManager.m in Sources */,
				60D265B819661A6F00B8BD62 /* NSDictionary+Extensions.m in Sources */,
				60D265BD19661A6F00B8BD62 /* MBProgressHUD.m in Sources */,
				60D265BC19661A6F00B8BD62 /* UIView+Extensions.m in Sources */,
				603951D0196CAFCF00CF6705 /* VZLyricView.m in Sources */,
				92E7526D1964FDC000F831F3 /* AFURLSessionManager.m in Sources */,
				60D265B719661A6F00B8BD62 /* NSData+Extensions.m in Sources */,
				92E7523D1964FD8B00F831F3 /* VZSearchViewController.m in Sources */,
				92E752401964FD8B00F831F3 /* VZDataService.m in Sources */,
				92E7523F1964FD8B00F831F3 /* VZURLManager.m in Sources */,
				60D26655196AFC6B00B8BD62 /* GDataXMLNode.m in Sources */,
				92E7526C1964FDC000F831F3 /* AFURLResponseSerialization.m in Sources */,
				92E7523B1964FD8B00F831F3 /* VZPreferencesViewController.m in Sources */,
				927F8D921966934A007439F7 /* VZTheme.m in Sources */,
			);
			runOnlyForDeploymentPostprocessing = 0;
		};
/* End PBXSourcesBuildPhase section */

/* Begin PBXTargetDependency section */
		60D265851965A44C00B8BD62 /* PBXTargetDependency */ = {
			isa = PBXTargetDependency;
			name = iOSHierarchyViewer;
			targetProxy = 60D265841965A44C00B8BD62 /* PBXContainerItemProxy */;
		};
		60D2658E1965AC7200B8BD62 /* PBXTargetDependency */ = {
			isa = PBXTargetDependency;
			name = fppopover;
			targetProxy = 60D2658D1965AC7200B8BD62 /* PBXContainerItemProxy */;
		};
/* End PBXTargetDependency section */

/* Begin PBXVariantGroup section */
		92E751F91964FD0700F831F3 /* InfoPlist.strings */ = {
			isa = PBXVariantGroup;
			children = (
				92E751FA1964FD0700F831F3 /* en */,
			);
			name = InfoPlist.strings;
			sourceTree = "<group>";
		};
/* End PBXVariantGroup section */

/* Begin XCBuildConfiguration section */
		929CB6AD193EC4EF0016820F /* Debug */ = {
			isa = XCBuildConfiguration;
			buildSettings = {
				ALWAYS_SEARCH_USER_PATHS = NO;
				CLANG_CXX_LANGUAGE_STANDARD = "gnu++0x";
				CLANG_CXX_LIBRARY = "libc++";
				CLANG_ENABLE_MODULES = YES;
				CLANG_ENABLE_OBJC_ARC = YES;
				CLANG_WARN_BOOL_CONVERSION = YES;
				CLANG_WARN_CONSTANT_CONVERSION = YES;
				CLANG_WARN_DIRECT_OBJC_ISA_USAGE = YES_ERROR;
				CLANG_WARN_EMPTY_BODY = YES;
				CLANG_WARN_ENUM_CONVERSION = YES;
				CLANG_WARN_INT_CONVERSION = YES;
				CLANG_WARN_OBJC_ROOT_CLASS = YES_ERROR;
				CLANG_WARN__DUPLICATE_METHOD_MATCH = YES;
				"CODE_SIGN_IDENTITY[sdk=iphoneos*]" = "iPhone Developer";
				COPY_PHASE_STRIP = NO;
				GCC_C_LANGUAGE_STANDARD = gnu99;
				GCC_DYNAMIC_NO_PIC = NO;
				GCC_OPTIMIZATION_LEVEL = 0;
				GCC_PREPROCESSOR_DEFINITIONS = (
					"DEBUG=1",
					"$(inherited)",
				);
				GCC_SYMBOLS_PRIVATE_EXTERN = NO;
				GCC_WARN_64_TO_32_BIT_CONVERSION = YES;
				GCC_WARN_ABOUT_RETURN_TYPE = YES_ERROR;
				GCC_WARN_UNDECLARED_SELECTOR = YES;
				GCC_WARN_UNINITIALIZED_AUTOS = YES_AGGRESSIVE;
				GCC_WARN_UNUSED_FUNCTION = YES;
				GCC_WARN_UNUSED_VARIABLE = YES;
				IPHONEOS_DEPLOYMENT_TARGET = 7.1;
				ONLY_ACTIVE_ARCH = YES;
				SDKROOT = iphoneos;
			};
			name = Debug;
		};
		929CB6AE193EC4EF0016820F /* Release */ = {
			isa = XCBuildConfiguration;
			buildSettings = {
				ALWAYS_SEARCH_USER_PATHS = NO;
				CLANG_CXX_LANGUAGE_STANDARD = "gnu++0x";
				CLANG_CXX_LIBRARY = "libc++";
				CLANG_ENABLE_MODULES = YES;
				CLANG_ENABLE_OBJC_ARC = YES;
				CLANG_WARN_BOOL_CONVERSION = YES;
				CLANG_WARN_CONSTANT_CONVERSION = YES;
				CLANG_WARN_DIRECT_OBJC_ISA_USAGE = YES_ERROR;
				CLANG_WARN_EMPTY_BODY = YES;
				CLANG_WARN_ENUM_CONVERSION = YES;
				CLANG_WARN_INT_CONVERSION = YES;
				CLANG_WARN_OBJC_ROOT_CLASS = YES_ERROR;
				CLANG_WARN__DUPLICATE_METHOD_MATCH = YES;
				"CODE_SIGN_IDENTITY[sdk=iphoneos*]" = "iPhone Developer";
				COPY_PHASE_STRIP = YES;
				ENABLE_NS_ASSERTIONS = NO;
				GCC_C_LANGUAGE_STANDARD = gnu99;
				GCC_WARN_64_TO_32_BIT_CONVERSION = YES;
				GCC_WARN_ABOUT_RETURN_TYPE = YES_ERROR;
				GCC_WARN_UNDECLARED_SELECTOR = YES;
				GCC_WARN_UNINITIALIZED_AUTOS = YES_AGGRESSIVE;
				GCC_WARN_UNUSED_FUNCTION = YES;
				GCC_WARN_UNUSED_VARIABLE = YES;
				IPHONEOS_DEPLOYMENT_TARGET = 7.1;
				SDKROOT = iphoneos;
				VALIDATE_PRODUCT = YES;
			};
			name = Release;
		};
		92E7521F1964FD0900F831F3 /* Debug */ = {
			isa = XCBuildConfiguration;
			buildSettings = {
				ASSETCATALOG_COMPILER_APPICON_NAME = AppIcon;
				ASSETCATALOG_COMPILER_LAUNCHIMAGE_NAME = LaunchImage;
				CLANG_ENABLE_OBJC_ARC = YES;
				GCC_PRECOMPILE_PREFIX_HEADER = YES;
				GCC_PREFIX_HEADER = "iPraise/iPraise-Prefix.pch";
				GCC_PREPROCESSOR_DEFINITIONS = (
					"DEBUG=1",
					"$(inherited)",
				);
				HEADER_SEARCH_PATHS = (
					"$(inherited)",
					/usr/include/libxml2,
					"$(SRCROOT)/iPraise/Library/Popover",
					"$(SRCROOT)/iPraise/Library/iOS-Hierarchy-Viewer/iOSViewHierarchy",
				);
				INFOPLIST_FILE = "iPraise/iPraise-Info.plist";
				PRODUCT_NAME = "$(TARGET_NAME)";
				WRAPPER_EXTENSION = app;
			};
			name = Debug;
		};
		92E752201964FD0900F831F3 /* Release */ = {
			isa = XCBuildConfiguration;
			buildSettings = {
				ASSETCATALOG_COMPILER_APPICON_NAME = AppIcon;
				ASSETCATALOG_COMPILER_LAUNCHIMAGE_NAME = LaunchImage;
				CLANG_ENABLE_OBJC_ARC = YES;
				GCC_PRECOMPILE_PREFIX_HEADER = YES;
				GCC_PREFIX_HEADER = "iPraise/iPraise-Prefix.pch";
				HEADER_SEARCH_PATHS = (
					"$(inherited)",
					/usr/include/libxml2,
					"$(SRCROOT)/iPraise/Library/Popover",
					"$(SRCROOT)/iPraise/Library/iOS-Hierarchy-Viewer/iOSViewHierarchy",
				);
				INFOPLIST_FILE = "iPraise/iPraise-Info.plist";
				PRODUCT_NAME = "$(TARGET_NAME)";
				WRAPPER_EXTENSION = app;
			};
			name = Release;
		};
/* End XCBuildConfiguration section */

/* Begin XCConfigurationList section */
		929CB675193EC4ED0016820F /* Build configuration list for PBXProject "iPraise" */ = {
			isa = XCConfigurationList;
			buildConfigurations = (
				929CB6AD193EC4EF0016820F /* Debug */,
				929CB6AE193EC4EF0016820F /* Release */,
			);
			defaultConfigurationIsVisible = 0;
			defaultConfigurationName = Release;
		};
		92E752231964FD0900F831F3 /* Build configuration list for PBXNativeTarget "iPraise" */ = {
			isa = XCConfigurationList;
			buildConfigurations = (
				92E7521F1964FD0900F831F3 /* Debug */,
				92E752201964FD0900F831F3 /* Release */,
			);
			defaultConfigurationIsVisible = 0;
			defaultConfigurationName = Release;
		};
/* End XCConfigurationList section */
	};
	rootObject = 929CB672193EC4ED0016820F /* Project object */;
}
